
Microsoft Visual Studio Solution File, Format Version 12.00
# Visual Studio Version 16
VisualStudioVersion = 16.0.28803.202
MinimumVisualStudioVersion = 10.0.40219.1
Project("{2150E333-8FDC-42A3-9474-1A3956D46DE8}") = "Neuralm.Services", "Neuralm.Services", "{CB3EBA39-DB0E-4F7C-9DEC-B0ECD756D11E}"
EndProject
Project("{2150E333-8FDC-42A3-9474-1A3956D46DE8}") = "Neuralm.Services.UserService", "Neuralm.Services.UserService", "{79154190-8C61-406E-87EA-8A378F5C511C}"
EndProject
Project("{2150E333-8FDC-42A3-9474-1A3956D46DE8}") = "Neuralm.Services.TrainingRoomService", "Neuralm.Services.TrainingRoomService", "{5AC96FAB-9B63-4162-874F-B81F385861A7}"
EndProject
Project("{9A19103F-16F7-4668-BE54-9A1E7A4F7556}") = "Neuralm.Services.Common", "Neuralm.Services\Neuralm.Services.Common\Neuralm.Services.Common.csproj", "{B4BD2972-7AD8-4DD2-85C2-1E3FFE6C9C18}"
EndProject
Project("{9A19103F-16F7-4668-BE54-9A1E7A4F7556}") = "Neuralm.Services.Common.Application", "Neuralm.Services\Neuralm.Services.Common.Application\Neuralm.Services.Common.Application.csproj", "{F89ABEF9-D1A4-47F5-9A48-D32F9E00150E}"
EndProject
Project("{9A19103F-16F7-4668-BE54-9A1E7A4F7556}") = "Neuralm.Services.Common.Domain", "Neuralm.Services\Neuralm.Services.Common.Domain\Neuralm.Services.Common.Domain.csproj", "{E8116B7F-9592-4626-9532-7AE1E8612E90}"
EndProject
Project("{9A19103F-16F7-4668-BE54-9A1E7A4F7556}") = "Neuralm.Services.Common.Mapping", "Neuralm.Services\Neuralm.Services.Common.Mapping\Neuralm.Services.Common.Mapping.csproj", "{8BAEF37D-A2FF-4E26-8522-8C77521B0AAF}"
EndProject
Project("{9A19103F-16F7-4668-BE54-9A1E7A4F7556}") = "Neuralm.Services.Common.Persistence", "Neuralm.Services\Neuralm.Services.Common.Persistence\Neuralm.Services.Common.Persistence.csproj", "{1001D4EB-2294-4934-BDAD-9DD6CCA22FE7}"
EndProject
Project("{9A19103F-16F7-4668-BE54-9A1E7A4F7556}") = "Neuralm.Services.Common.Persistence.EFCore", "Neuralm.Services\Neuralm.Services.Common.Persistence.EFCore\Neuralm.Services.Common.Persistence.EFCore.csproj", "{2B43F7B7-3CF9-4680-9F6B-E37C93D68CB1}"
EndProject
Project("{9A19103F-16F7-4668-BE54-9A1E7A4F7556}") = "Neuralm.Services.Common.Rest", "Neuralm.Services\Neuralm.Services.Common.Rest\Neuralm.Services.Common.Rest.csproj", "{F4D36DA8-57AC-4A75-946E-9C0D11221AC7}"
EndProject
Project("{9A19103F-16F7-4668-BE54-9A1E7A4F7556}") = "Neuralm.Services.UserService.Domain", "Neuralm.Services\Neuralm.Services.UserService\Neuralm.Services.UserService.Domain\Neuralm.Services.UserService.Domain.csproj", "{479B5EC6-8AA1-48B6-9009-509B3601B1D6}"
EndProject
Project("{9A19103F-16F7-4668-BE54-9A1E7A4F7556}") = "Neuralm.Services.UserService.Application", "Neuralm.Services\Neuralm.Services.UserService\Neuralm.Services.UserService.Application\Neuralm.Services.UserService.Application.csproj", "{994C6274-CB01-4536-ABC4-84AD1F2B72B5}"
EndProject
Project("{9A19103F-16F7-4668-BE54-9A1E7A4F7556}") = "Neuralm.Services.UserService.Mapping", "Neuralm.Services\Neuralm.Services.UserService\Neuralm.Services.UserService.Mapping\Neuralm.Services.UserService.Mapping.csproj", "{CFEBB50F-8ED6-4CA2-944E-64925D2E59D9}"
EndProject
Project("{9A19103F-16F7-4668-BE54-9A1E7A4F7556}") = "Neuralm.Services.UserService.Persistence", "Neuralm.Services\Neuralm.Services.UserService\Neuralm.Services.UserService.Persistence\Neuralm.Services.UserService.Persistence.csproj", "{934CAC4D-3B8E-4CC6-88E3-BFF9311C9C31}"
EndProject
Project("{9A19103F-16F7-4668-BE54-9A1E7A4F7556}") = "Neuralm.Services.UserService.Rest", "Neuralm.Services\Neuralm.Services.UserService\Neuralm.Services.UserService.Rest\Neuralm.Services.UserService.Rest.csproj", "{0D68F5A5-E863-430D-ACE4-8966B1A56A27}"
EndProject
Project("{9A19103F-16F7-4668-BE54-9A1E7A4F7556}") = "Neuralm.Services.TrainingRoomService.Domain", "Neuralm.Services\Neuralm.Services.TrainingRoomService\Neuralm.Services.TrainingRoomService.Domain\Neuralm.Services.TrainingRoomService.Domain.csproj", "{EBCD8DB3-DBCE-400E-9244-7D1CE9B3166F}"
EndProject
Project("{9A19103F-16F7-4668-BE54-9A1E7A4F7556}") = "Neuralm.Services.TrainingRoomService.Application", "Neuralm.Services\Neuralm.Services.TrainingRoomService\Neuralm.Services.TrainingRoomService.Application\Neuralm.Services.TrainingRoomService.Application.csproj", "{281F5DD3-519E-4CA5-85C7-7CC227375630}"
EndProject
Project("{9A19103F-16F7-4668-BE54-9A1E7A4F7556}") = "Neuralm.Services.TrainingRoomService.Mapping", "Neuralm.Services\Neuralm.Services.TrainingRoomService\Neuralm.Services.TrainingRoomService.Mapping\Neuralm.Services.TrainingRoomService.Mapping.csproj", "{A935392F-1FAF-4A68-874C-073BD14A93D8}"
EndProject
Project("{9A19103F-16F7-4668-BE54-9A1E7A4F7556}") = "Neuralm.Services.TrainingRoomService.Persistence", "Neuralm.Services\Neuralm.Services.TrainingRoomService\Neuralm.Services.TrainingRoomService.Persistence\Neuralm.Services.TrainingRoomService.Persistence.csproj", "{98437B17-95AD-4740-9E90-39F3C133417E}"
EndProject
Project("{9A19103F-16F7-4668-BE54-9A1E7A4F7556}") = "Neuralm.Services.TrainingRoomService.Rest", "Neuralm.Services\Neuralm.Services.TrainingRoomService\Neuralm.Services.TrainingRoomService.Rest\Neuralm.Services.TrainingRoomService.Rest.csproj", "{377AF014-7DBE-48B6-BF71-1BA38F3426DE}"
EndProject
Project("{2150E333-8FDC-42A3-9474-1A3956D46DE8}") = "Neuralm.Services.RegistryService", "Neuralm.Services.RegistryService", "{002E927A-8DFD-4BC6-A978-3AA0174BAE1F}"
EndProject
Project("{9A19103F-16F7-4668-BE54-9A1E7A4F7556}") = "Neuralm.Services.RegistryService.Rest", "Neuralm.Services\Neuralm.Services.RegistryService\Neuralm.Services.RegistryService.Rest\Neuralm.Services.RegistryService.Rest.csproj", "{57346E91-FC80-4947-AF50-9DB1CA022B19}"
EndProject
Project("{9A19103F-16F7-4668-BE54-9A1E7A4F7556}") = "Neuralm.Services.RegistryService.Domain", "Neuralm.Services\Neuralm.Services.RegistryService\Neuralm.Services.RegistryService.Domain\Neuralm.Services.RegistryService.Domain.csproj", "{8DCD53C9-234D-4C95-9428-925E76FF2F4F}"
EndProject
Project("{9A19103F-16F7-4668-BE54-9A1E7A4F7556}") = "Neuralm.Services.RegistryService.Application", "Neuralm.Services\Neuralm.Services.RegistryService\Neuralm.Services.RegistryService.Application\Neuralm.Services.RegistryService.Application.csproj", "{A505BC25-F527-45BE-9099-3B628E65DD74}"
EndProject
Project("{9A19103F-16F7-4668-BE54-9A1E7A4F7556}") = "Neuralm.Services.RegistryService.Persistence", "Neuralm.Services\Neuralm.Services.RegistryService\Neuralm.Services.RegistryService.Persistence\Neuralm.Services.RegistryService.Persistence.csproj", "{D1D4AE4D-ADFB-4D3A-9980-F43BAAD84252}"
EndProject
Project("{9A19103F-16F7-4668-BE54-9A1E7A4F7556}") = "Neuralm.Services.RegistryService.Mapping", "Neuralm.Services\Neuralm.Services.RegistryService\Neuralm.Services.RegistryService.Mapping\Neuralm.Services.RegistryService.Mapping.csproj", "{C2761986-59D0-43DB-BB5E-A04F34728C69}"
EndProject
Project("{2150E333-8FDC-42A3-9474-1A3956D46DE8}") = "Neuralm.Services.MessageQueue", "Neuralm.Services.MessageQueue", "{E9E1DEF4-BF22-4468-B695-F122CB2AB159}"
EndProject
Project("{9A19103F-16F7-4668-BE54-9A1E7A4F7556}") = "Neuralm.Services.MessageQueue.NeuralmMQ", "Neuralm.Services\Neuralm.Services.MessageQueue\Neuralm.Services.MessageQueue.NeuralmMQ\Neuralm.Services.MessageQueue.NeuralmMQ.csproj", "{4833DF7A-2CDD-41BC-B12C-61B2732709D8}"
EndProject
Project("{9A19103F-16F7-4668-BE54-9A1E7A4F7556}") = "Neuralm.Services.MessageQueue.Application", "Neuralm.Services\Neuralm.Services.MessageQueue\Neuralm.Services.MessageQueue.Application\Neuralm.Services.MessageQueue.Application.csproj", "{4DD46554-4CAF-4F64-B59E-CF0226EBBD07}"
EndProject
Project("{9A19103F-16F7-4668-BE54-9A1E7A4F7556}") = "Neuralm.Services.MessageQueue.Mapping", "Neuralm.Services\Neuralm.Services.MessageQueue\Neuralm.Services.MessageQueue.Mapping\Neuralm.Services.MessageQueue.Mapping.csproj", "{82B88CE4-5795-4C45-98DF-FEB45C4C4B1A}"
EndProject
Project("{9A19103F-16F7-4668-BE54-9A1E7A4F7556}") = "Neuralm.Services.MessageQueue.Infrastructure", "Neuralm.Services\Neuralm.Services.MessageQueue\Neuralm.Services.MessageQueue.Infrastructure\Neuralm.Services.MessageQueue.Infrastructure.csproj", "{1104D836-4E8F-4108-884B-A6AE4A8897AE}"
EndProject
Project("{9A19103F-16F7-4668-BE54-9A1E7A4F7556}") = "Neuralm.Services.MessageQueue.Domain", "Neuralm.Services\Neuralm.Services.MessageQueue\Neuralm.Services.MessageQueue.Domain\Neuralm.Services.MessageQueue.Domain.csproj", "{78605888-627B-4BB9-A9BC-490AB75AEEDE}"
EndProject
Project("{9A19103F-16F7-4668-BE54-9A1E7A4F7556}") = "Neuralm.Services.UserService.Messages", "Neuralm.Services\Neuralm.Services.UserService\Neuralm.Services.UserService.Messages\Neuralm.Services.UserService.Messages.csproj", "{30449351-E89F-47A1-BD19-50AB7FB96D6B}"
EndProject
Project("{9A19103F-16F7-4668-BE54-9A1E7A4F7556}") = "Neuralm.Services.Common.Messages", "Neuralm.Services\Neuralm.Services.Common.Messages\Neuralm.Services.Common.Messages.csproj", "{ADE91982-1374-40A6-82D0-14938C9A9B04}"
EndProject
Project("{9A19103F-16F7-4668-BE54-9A1E7A4F7556}") = "Neuralm.Services.TrainingRoomService.Messages", "Neuralm.Services\Neuralm.Services.TrainingRoomService\Neuralm.Services.TrainingRoomService.Messages\Neuralm.Services.TrainingRoomService.Messages.csproj", "{44A97F31-85F4-4B5F-B311-3E70DA6878CC}"
EndProject
Project("{9A19103F-16F7-4668-BE54-9A1E7A4F7556}") = "Neuralm.Services.RegistryService.Messages", "Neuralm.Services\Neuralm.Services.RegistryService\Neuralm.Services.RegistryService.Messages\Neuralm.Services.RegistryService.Messages.csproj", "{4EE917B1-3E30-40C5-B519-3768B45CD098}"
EndProject
Project("{9A19103F-16F7-4668-BE54-9A1E7A4F7556}") = "Neuralm.Services.MessageQueue.Tests", "Neuralm.Services\Neuralm.Services.MessageQueue\Neuralm.Services.MessageQueue.Tests\Neuralm.Services.MessageQueue.Tests.csproj", "{0E36FCA7-2B27-4AEF-999F-58E8F3AD9002}"
EndProject
Project("{9A19103F-16F7-4668-BE54-9A1E7A4F7556}") = "Neuralm.Services.RegistryService.Infrastructure", "Neuralm.Services\Neuralm.Services.RegistryService\Neuralm.Services.RegistryService.Infrastructure\Neuralm.Services.RegistryService.Infrastructure.csproj", "{CCE11508-18E1-4024-8E2F-5C2A9657B294}"
EndProject
Project("{9A19103F-16F7-4668-BE54-9A1E7A4F7556}") = "Neuralm.Services.Common.Infrastructure", "Neuralm.Services\Neuralm.Services.Common.Infrastructure\Neuralm.Services.Common.Infrastructure.csproj", "{A61B8277-62E0-47D2-A3F7-93BA33A79379}"
EndProject
Global
	GlobalSection(SolutionConfigurationPlatforms) = preSolution
		Debug|Any CPU = Debug|Any CPU
		Debug|x64 = Debug|x64
		Release|Any CPU = Release|Any CPU
		Release|x64 = Release|x64
	EndGlobalSection
	GlobalSection(ProjectConfigurationPlatforms) = postSolution
		{B4BD2972-7AD8-4DD2-85C2-1E3FFE6C9C18}.Debug|Any CPU.ActiveCfg = Debug|Any CPU
		{B4BD2972-7AD8-4DD2-85C2-1E3FFE6C9C18}.Debug|Any CPU.Build.0 = Debug|Any CPU
		{B4BD2972-7AD8-4DD2-85C2-1E3FFE6C9C18}.Debug|x64.ActiveCfg = Debug|Any CPU
		{B4BD2972-7AD8-4DD2-85C2-1E3FFE6C9C18}.Debug|x64.Build.0 = Debug|Any CPU
		{B4BD2972-7AD8-4DD2-85C2-1E3FFE6C9C18}.Release|Any CPU.ActiveCfg = Release|Any CPU
		{B4BD2972-7AD8-4DD2-85C2-1E3FFE6C9C18}.Release|Any CPU.Build.0 = Release|Any CPU
		{B4BD2972-7AD8-4DD2-85C2-1E3FFE6C9C18}.Release|x64.ActiveCfg = Release|Any CPU
		{B4BD2972-7AD8-4DD2-85C2-1E3FFE6C9C18}.Release|x64.Build.0 = Release|Any CPU
		{F89ABEF9-D1A4-47F5-9A48-D32F9E00150E}.Debug|Any CPU.ActiveCfg = Debug|Any CPU
		{F89ABEF9-D1A4-47F5-9A48-D32F9E00150E}.Debug|Any CPU.Build.0 = Debug|Any CPU
		{F89ABEF9-D1A4-47F5-9A48-D32F9E00150E}.Debug|x64.ActiveCfg = Debug|Any CPU
		{F89ABEF9-D1A4-47F5-9A48-D32F9E00150E}.Debug|x64.Build.0 = Debug|Any CPU
		{F89ABEF9-D1A4-47F5-9A48-D32F9E00150E}.Release|Any CPU.ActiveCfg = Release|Any CPU
		{F89ABEF9-D1A4-47F5-9A48-D32F9E00150E}.Release|Any CPU.Build.0 = Release|Any CPU
		{F89ABEF9-D1A4-47F5-9A48-D32F9E00150E}.Release|x64.ActiveCfg = Release|Any CPU
		{F89ABEF9-D1A4-47F5-9A48-D32F9E00150E}.Release|x64.Build.0 = Release|Any CPU
		{E8116B7F-9592-4626-9532-7AE1E8612E90}.Debug|Any CPU.ActiveCfg = Debug|Any CPU
		{E8116B7F-9592-4626-9532-7AE1E8612E90}.Debug|Any CPU.Build.0 = Debug|Any CPU
		{E8116B7F-9592-4626-9532-7AE1E8612E90}.Debug|x64.ActiveCfg = Debug|Any CPU
		{E8116B7F-9592-4626-9532-7AE1E8612E90}.Debug|x64.Build.0 = Debug|Any CPU
		{E8116B7F-9592-4626-9532-7AE1E8612E90}.Release|Any CPU.ActiveCfg = Release|Any CPU
		{E8116B7F-9592-4626-9532-7AE1E8612E90}.Release|Any CPU.Build.0 = Release|Any CPU
		{E8116B7F-9592-4626-9532-7AE1E8612E90}.Release|x64.ActiveCfg = Release|Any CPU
		{E8116B7F-9592-4626-9532-7AE1E8612E90}.Release|x64.Build.0 = Release|Any CPU
		{8BAEF37D-A2FF-4E26-8522-8C77521B0AAF}.Debug|Any CPU.ActiveCfg = Debug|Any CPU
		{8BAEF37D-A2FF-4E26-8522-8C77521B0AAF}.Debug|Any CPU.Build.0 = Debug|Any CPU
		{8BAEF37D-A2FF-4E26-8522-8C77521B0AAF}.Debug|x64.ActiveCfg = Debug|Any CPU
		{8BAEF37D-A2FF-4E26-8522-8C77521B0AAF}.Debug|x64.Build.0 = Debug|Any CPU
		{8BAEF37D-A2FF-4E26-8522-8C77521B0AAF}.Release|Any CPU.ActiveCfg = Release|Any CPU
		{8BAEF37D-A2FF-4E26-8522-8C77521B0AAF}.Release|Any CPU.Build.0 = Release|Any CPU
		{8BAEF37D-A2FF-4E26-8522-8C77521B0AAF}.Release|x64.ActiveCfg = Release|Any CPU
		{8BAEF37D-A2FF-4E26-8522-8C77521B0AAF}.Release|x64.Build.0 = Release|Any CPU
		{1001D4EB-2294-4934-BDAD-9DD6CCA22FE7}.Debug|Any CPU.ActiveCfg = Debug|Any CPU
		{1001D4EB-2294-4934-BDAD-9DD6CCA22FE7}.Debug|Any CPU.Build.0 = Debug|Any CPU
		{1001D4EB-2294-4934-BDAD-9DD6CCA22FE7}.Debug|x64.ActiveCfg = Debug|Any CPU
		{1001D4EB-2294-4934-BDAD-9DD6CCA22FE7}.Debug|x64.Build.0 = Debug|Any CPU
		{1001D4EB-2294-4934-BDAD-9DD6CCA22FE7}.Release|Any CPU.ActiveCfg = Release|Any CPU
		{1001D4EB-2294-4934-BDAD-9DD6CCA22FE7}.Release|Any CPU.Build.0 = Release|Any CPU
		{1001D4EB-2294-4934-BDAD-9DD6CCA22FE7}.Release|x64.ActiveCfg = Release|Any CPU
		{1001D4EB-2294-4934-BDAD-9DD6CCA22FE7}.Release|x64.Build.0 = Release|Any CPU
		{2B43F7B7-3CF9-4680-9F6B-E37C93D68CB1}.Debug|Any CPU.ActiveCfg = Debug|Any CPU
		{2B43F7B7-3CF9-4680-9F6B-E37C93D68CB1}.Debug|Any CPU.Build.0 = Debug|Any CPU
		{2B43F7B7-3CF9-4680-9F6B-E37C93D68CB1}.Debug|x64.ActiveCfg = Debug|Any CPU
		{2B43F7B7-3CF9-4680-9F6B-E37C93D68CB1}.Debug|x64.Build.0 = Debug|Any CPU
		{2B43F7B7-3CF9-4680-9F6B-E37C93D68CB1}.Release|Any CPU.ActiveCfg = Release|Any CPU
		{2B43F7B7-3CF9-4680-9F6B-E37C93D68CB1}.Release|Any CPU.Build.0 = Release|Any CPU
		{2B43F7B7-3CF9-4680-9F6B-E37C93D68CB1}.Release|x64.ActiveCfg = Release|Any CPU
		{2B43F7B7-3CF9-4680-9F6B-E37C93D68CB1}.Release|x64.Build.0 = Release|Any CPU
		{F4D36DA8-57AC-4A75-946E-9C0D11221AC7}.Debug|Any CPU.ActiveCfg = Debug|Any CPU
		{F4D36DA8-57AC-4A75-946E-9C0D11221AC7}.Debug|Any CPU.Build.0 = Debug|Any CPU
		{F4D36DA8-57AC-4A75-946E-9C0D11221AC7}.Debug|x64.ActiveCfg = Debug|Any CPU
		{F4D36DA8-57AC-4A75-946E-9C0D11221AC7}.Debug|x64.Build.0 = Debug|Any CPU
		{F4D36DA8-57AC-4A75-946E-9C0D11221AC7}.Release|Any CPU.ActiveCfg = Release|Any CPU
		{F4D36DA8-57AC-4A75-946E-9C0D11221AC7}.Release|Any CPU.Build.0 = Release|Any CPU
		{F4D36DA8-57AC-4A75-946E-9C0D11221AC7}.Release|x64.ActiveCfg = Release|Any CPU
		{F4D36DA8-57AC-4A75-946E-9C0D11221AC7}.Release|x64.Build.0 = Release|Any CPU
		{479B5EC6-8AA1-48B6-9009-509B3601B1D6}.Debug|Any CPU.ActiveCfg = Debug|Any CPU
		{479B5EC6-8AA1-48B6-9009-509B3601B1D6}.Debug|Any CPU.Build.0 = Debug|Any CPU
		{479B5EC6-8AA1-48B6-9009-509B3601B1D6}.Debug|x64.ActiveCfg = Debug|Any CPU
		{479B5EC6-8AA1-48B6-9009-509B3601B1D6}.Debug|x64.Build.0 = Debug|Any CPU
		{479B5EC6-8AA1-48B6-9009-509B3601B1D6}.Release|Any CPU.ActiveCfg = Release|Any CPU
		{479B5EC6-8AA1-48B6-9009-509B3601B1D6}.Release|Any CPU.Build.0 = Release|Any CPU
		{479B5EC6-8AA1-48B6-9009-509B3601B1D6}.Release|x64.ActiveCfg = Release|Any CPU
		{479B5EC6-8AA1-48B6-9009-509B3601B1D6}.Release|x64.Build.0 = Release|Any CPU
		{994C6274-CB01-4536-ABC4-84AD1F2B72B5}.Debug|Any CPU.ActiveCfg = Debug|Any CPU
		{994C6274-CB01-4536-ABC4-84AD1F2B72B5}.Debug|Any CPU.Build.0 = Debug|Any CPU
		{994C6274-CB01-4536-ABC4-84AD1F2B72B5}.Debug|x64.ActiveCfg = Debug|Any CPU
		{994C6274-CB01-4536-ABC4-84AD1F2B72B5}.Debug|x64.Build.0 = Debug|Any CPU
		{994C6274-CB01-4536-ABC4-84AD1F2B72B5}.Release|Any CPU.ActiveCfg = Release|Any CPU
		{994C6274-CB01-4536-ABC4-84AD1F2B72B5}.Release|Any CPU.Build.0 = Release|Any CPU
		{994C6274-CB01-4536-ABC4-84AD1F2B72B5}.Release|x64.ActiveCfg = Release|Any CPU
		{994C6274-CB01-4536-ABC4-84AD1F2B72B5}.Release|x64.Build.0 = Release|Any CPU
		{CFEBB50F-8ED6-4CA2-944E-64925D2E59D9}.Debug|Any CPU.ActiveCfg = Debug|Any CPU
		{CFEBB50F-8ED6-4CA2-944E-64925D2E59D9}.Debug|Any CPU.Build.0 = Debug|Any CPU
		{CFEBB50F-8ED6-4CA2-944E-64925D2E59D9}.Debug|x64.ActiveCfg = Debug|Any CPU
		{CFEBB50F-8ED6-4CA2-944E-64925D2E59D9}.Debug|x64.Build.0 = Debug|Any CPU
		{CFEBB50F-8ED6-4CA2-944E-64925D2E59D9}.Release|Any CPU.ActiveCfg = Release|Any CPU
		{CFEBB50F-8ED6-4CA2-944E-64925D2E59D9}.Release|Any CPU.Build.0 = Release|Any CPU
		{CFEBB50F-8ED6-4CA2-944E-64925D2E59D9}.Release|x64.ActiveCfg = Release|Any CPU
		{CFEBB50F-8ED6-4CA2-944E-64925D2E59D9}.Release|x64.Build.0 = Release|Any CPU
		{934CAC4D-3B8E-4CC6-88E3-BFF9311C9C31}.Debug|Any CPU.ActiveCfg = Debug|Any CPU
		{934CAC4D-3B8E-4CC6-88E3-BFF9311C9C31}.Debug|Any CPU.Build.0 = Debug|Any CPU
		{934CAC4D-3B8E-4CC6-88E3-BFF9311C9C31}.Debug|x64.ActiveCfg = Debug|Any CPU
		{934CAC4D-3B8E-4CC6-88E3-BFF9311C9C31}.Debug|x64.Build.0 = Debug|Any CPU
		{934CAC4D-3B8E-4CC6-88E3-BFF9311C9C31}.Release|Any CPU.ActiveCfg = Release|Any CPU
		{934CAC4D-3B8E-4CC6-88E3-BFF9311C9C31}.Release|Any CPU.Build.0 = Release|Any CPU
		{934CAC4D-3B8E-4CC6-88E3-BFF9311C9C31}.Release|x64.ActiveCfg = Release|Any CPU
		{934CAC4D-3B8E-4CC6-88E3-BFF9311C9C31}.Release|x64.Build.0 = Release|Any CPU
		{0D68F5A5-E863-430D-ACE4-8966B1A56A27}.Debug|Any CPU.ActiveCfg = Debug|Any CPU
		{0D68F5A5-E863-430D-ACE4-8966B1A56A27}.Debug|Any CPU.Build.0 = Debug|Any CPU
		{0D68F5A5-E863-430D-ACE4-8966B1A56A27}.Debug|x64.ActiveCfg = Debug|Any CPU
		{0D68F5A5-E863-430D-ACE4-8966B1A56A27}.Debug|x64.Build.0 = Debug|Any CPU
		{0D68F5A5-E863-430D-ACE4-8966B1A56A27}.Release|Any CPU.ActiveCfg = Release|Any CPU
		{0D68F5A5-E863-430D-ACE4-8966B1A56A27}.Release|Any CPU.Build.0 = Release|Any CPU
		{0D68F5A5-E863-430D-ACE4-8966B1A56A27}.Release|x64.ActiveCfg = Release|Any CPU
		{0D68F5A5-E863-430D-ACE4-8966B1A56A27}.Release|x64.Build.0 = Release|Any CPU
		{EBCD8DB3-DBCE-400E-9244-7D1CE9B3166F}.Debug|Any CPU.ActiveCfg = Debug|Any CPU
		{EBCD8DB3-DBCE-400E-9244-7D1CE9B3166F}.Debug|Any CPU.Build.0 = Debug|Any CPU
		{EBCD8DB3-DBCE-400E-9244-7D1CE9B3166F}.Debug|x64.ActiveCfg = Debug|Any CPU
		{EBCD8DB3-DBCE-400E-9244-7D1CE9B3166F}.Debug|x64.Build.0 = Debug|Any CPU
		{EBCD8DB3-DBCE-400E-9244-7D1CE9B3166F}.Release|Any CPU.ActiveCfg = Release|Any CPU
		{EBCD8DB3-DBCE-400E-9244-7D1CE9B3166F}.Release|Any CPU.Build.0 = Release|Any CPU
		{EBCD8DB3-DBCE-400E-9244-7D1CE9B3166F}.Release|x64.ActiveCfg = Release|Any CPU
		{EBCD8DB3-DBCE-400E-9244-7D1CE9B3166F}.Release|x64.Build.0 = Release|Any CPU
		{281F5DD3-519E-4CA5-85C7-7CC227375630}.Debug|Any CPU.ActiveCfg = Debug|Any CPU
		{281F5DD3-519E-4CA5-85C7-7CC227375630}.Debug|Any CPU.Build.0 = Debug|Any CPU
		{281F5DD3-519E-4CA5-85C7-7CC227375630}.Debug|x64.ActiveCfg = Debug|Any CPU
		{281F5DD3-519E-4CA5-85C7-7CC227375630}.Debug|x64.Build.0 = Debug|Any CPU
		{281F5DD3-519E-4CA5-85C7-7CC227375630}.Release|Any CPU.ActiveCfg = Release|Any CPU
		{281F5DD3-519E-4CA5-85C7-7CC227375630}.Release|Any CPU.Build.0 = Release|Any CPU
		{281F5DD3-519E-4CA5-85C7-7CC227375630}.Release|x64.ActiveCfg = Release|Any CPU
		{281F5DD3-519E-4CA5-85C7-7CC227375630}.Release|x64.Build.0 = Release|Any CPU
		{A935392F-1FAF-4A68-874C-073BD14A93D8}.Debug|Any CPU.ActiveCfg = Debug|Any CPU
		{A935392F-1FAF-4A68-874C-073BD14A93D8}.Debug|Any CPU.Build.0 = Debug|Any CPU
		{A935392F-1FAF-4A68-874C-073BD14A93D8}.Debug|x64.ActiveCfg = Debug|Any CPU
		{A935392F-1FAF-4A68-874C-073BD14A93D8}.Debug|x64.Build.0 = Debug|Any CPU
		{A935392F-1FAF-4A68-874C-073BD14A93D8}.Release|Any CPU.ActiveCfg = Release|Any CPU
		{A935392F-1FAF-4A68-874C-073BD14A93D8}.Release|Any CPU.Build.0 = Release|Any CPU
		{A935392F-1FAF-4A68-874C-073BD14A93D8}.Release|x64.ActiveCfg = Release|Any CPU
		{A935392F-1FAF-4A68-874C-073BD14A93D8}.Release|x64.Build.0 = Release|Any CPU
		{98437B17-95AD-4740-9E90-39F3C133417E}.Debug|Any CPU.ActiveCfg = Debug|Any CPU
		{98437B17-95AD-4740-9E90-39F3C133417E}.Debug|Any CPU.Build.0 = Debug|Any CPU
		{98437B17-95AD-4740-9E90-39F3C133417E}.Debug|x64.ActiveCfg = Debug|Any CPU
		{98437B17-95AD-4740-9E90-39F3C133417E}.Debug|x64.Build.0 = Debug|Any CPU
		{98437B17-95AD-4740-9E90-39F3C133417E}.Release|Any CPU.ActiveCfg = Release|Any CPU
		{98437B17-95AD-4740-9E90-39F3C133417E}.Release|Any CPU.Build.0 = Release|Any CPU
		{98437B17-95AD-4740-9E90-39F3C133417E}.Release|x64.ActiveCfg = Release|Any CPU
		{98437B17-95AD-4740-9E90-39F3C133417E}.Release|x64.Build.0 = Release|Any CPU
		{377AF014-7DBE-48B6-BF71-1BA38F3426DE}.Debug|Any CPU.ActiveCfg = Debug|Any CPU
		{377AF014-7DBE-48B6-BF71-1BA38F3426DE}.Debug|Any CPU.Build.0 = Debug|Any CPU
		{377AF014-7DBE-48B6-BF71-1BA38F3426DE}.Debug|x64.ActiveCfg = Debug|Any CPU
		{377AF014-7DBE-48B6-BF71-1BA38F3426DE}.Debug|x64.Build.0 = Debug|Any CPU
		{377AF014-7DBE-48B6-BF71-1BA38F3426DE}.Release|Any CPU.ActiveCfg = Release|Any CPU
		{377AF014-7DBE-48B6-BF71-1BA38F3426DE}.Release|Any CPU.Build.0 = Release|Any CPU
		{377AF014-7DBE-48B6-BF71-1BA38F3426DE}.Release|x64.ActiveCfg = Release|Any CPU
		{377AF014-7DBE-48B6-BF71-1BA38F3426DE}.Release|x64.Build.0 = Release|Any CPU
		{57346E91-FC80-4947-AF50-9DB1CA022B19}.Debug|Any CPU.ActiveCfg = Debug|Any CPU
		{57346E91-FC80-4947-AF50-9DB1CA022B19}.Debug|Any CPU.Build.0 = Debug|Any CPU
		{57346E91-FC80-4947-AF50-9DB1CA022B19}.Debug|x64.ActiveCfg = Debug|Any CPU
		{57346E91-FC80-4947-AF50-9DB1CA022B19}.Debug|x64.Build.0 = Debug|Any CPU
		{57346E91-FC80-4947-AF50-9DB1CA022B19}.Release|Any CPU.ActiveCfg = Release|Any CPU
		{57346E91-FC80-4947-AF50-9DB1CA022B19}.Release|Any CPU.Build.0 = Release|Any CPU
		{57346E91-FC80-4947-AF50-9DB1CA022B19}.Release|x64.ActiveCfg = Release|Any CPU
		{57346E91-FC80-4947-AF50-9DB1CA022B19}.Release|x64.Build.0 = Release|Any CPU
		{8DCD53C9-234D-4C95-9428-925E76FF2F4F}.Debug|Any CPU.ActiveCfg = Debug|Any CPU
		{8DCD53C9-234D-4C95-9428-925E76FF2F4F}.Debug|Any CPU.Build.0 = Debug|Any CPU
		{8DCD53C9-234D-4C95-9428-925E76FF2F4F}.Debug|x64.ActiveCfg = Debug|Any CPU
		{8DCD53C9-234D-4C95-9428-925E76FF2F4F}.Debug|x64.Build.0 = Debug|Any CPU
		{8DCD53C9-234D-4C95-9428-925E76FF2F4F}.Release|Any CPU.ActiveCfg = Release|Any CPU
		{8DCD53C9-234D-4C95-9428-925E76FF2F4F}.Release|Any CPU.Build.0 = Release|Any CPU
		{8DCD53C9-234D-4C95-9428-925E76FF2F4F}.Release|x64.ActiveCfg = Release|Any CPU
		{8DCD53C9-234D-4C95-9428-925E76FF2F4F}.Release|x64.Build.0 = Release|Any CPU
		{A505BC25-F527-45BE-9099-3B628E65DD74}.Debug|Any CPU.ActiveCfg = Debug|Any CPU
		{A505BC25-F527-45BE-9099-3B628E65DD74}.Debug|Any CPU.Build.0 = Debug|Any CPU
		{A505BC25-F527-45BE-9099-3B628E65DD74}.Debug|x64.ActiveCfg = Debug|Any CPU
		{A505BC25-F527-45BE-9099-3B628E65DD74}.Debug|x64.Build.0 = Debug|Any CPU
		{A505BC25-F527-45BE-9099-3B628E65DD74}.Release|Any CPU.ActiveCfg = Release|Any CPU
		{A505BC25-F527-45BE-9099-3B628E65DD74}.Release|Any CPU.Build.0 = Release|Any CPU
		{A505BC25-F527-45BE-9099-3B628E65DD74}.Release|x64.ActiveCfg = Release|Any CPU
		{A505BC25-F527-45BE-9099-3B628E65DD74}.Release|x64.Build.0 = Release|Any CPU
		{D1D4AE4D-ADFB-4D3A-9980-F43BAAD84252}.Debug|Any CPU.ActiveCfg = Debug|Any CPU
		{D1D4AE4D-ADFB-4D3A-9980-F43BAAD84252}.Debug|Any CPU.Build.0 = Debug|Any CPU
		{D1D4AE4D-ADFB-4D3A-9980-F43BAAD84252}.Debug|x64.ActiveCfg = Debug|Any CPU
		{D1D4AE4D-ADFB-4D3A-9980-F43BAAD84252}.Debug|x64.Build.0 = Debug|Any CPU
		{D1D4AE4D-ADFB-4D3A-9980-F43BAAD84252}.Release|Any CPU.ActiveCfg = Release|Any CPU
		{D1D4AE4D-ADFB-4D3A-9980-F43BAAD84252}.Release|Any CPU.Build.0 = Release|Any CPU
		{D1D4AE4D-ADFB-4D3A-9980-F43BAAD84252}.Release|x64.ActiveCfg = Release|Any CPU
		{D1D4AE4D-ADFB-4D3A-9980-F43BAAD84252}.Release|x64.Build.0 = Release|Any CPU
		{C2761986-59D0-43DB-BB5E-A04F34728C69}.Debug|Any CPU.ActiveCfg = Debug|Any CPU
		{C2761986-59D0-43DB-BB5E-A04F34728C69}.Debug|Any CPU.Build.0 = Debug|Any CPU
		{C2761986-59D0-43DB-BB5E-A04F34728C69}.Debug|x64.ActiveCfg = Debug|Any CPU
		{C2761986-59D0-43DB-BB5E-A04F34728C69}.Debug|x64.Build.0 = Debug|Any CPU
		{C2761986-59D0-43DB-BB5E-A04F34728C69}.Release|Any CPU.ActiveCfg = Release|Any CPU
		{C2761986-59D0-43DB-BB5E-A04F34728C69}.Release|Any CPU.Build.0 = Release|Any CPU
		{C2761986-59D0-43DB-BB5E-A04F34728C69}.Release|x64.ActiveCfg = Release|Any CPU
		{C2761986-59D0-43DB-BB5E-A04F34728C69}.Release|x64.Build.0 = Release|Any CPU
		{4833DF7A-2CDD-41BC-B12C-61B2732709D8}.Debug|Any CPU.ActiveCfg = Debug|Any CPU
		{4833DF7A-2CDD-41BC-B12C-61B2732709D8}.Debug|Any CPU.Build.0 = Debug|Any CPU
		{4833DF7A-2CDD-41BC-B12C-61B2732709D8}.Debug|x64.ActiveCfg = Debug|x64
		{4833DF7A-2CDD-41BC-B12C-61B2732709D8}.Debug|x64.Build.0 = Debug|x64
		{4833DF7A-2CDD-41BC-B12C-61B2732709D8}.Release|Any CPU.ActiveCfg = Release|Any CPU
		{4833DF7A-2CDD-41BC-B12C-61B2732709D8}.Release|Any CPU.Build.0 = Release|Any CPU
		{4833DF7A-2CDD-41BC-B12C-61B2732709D8}.Release|x64.ActiveCfg = Release|x64
		{4833DF7A-2CDD-41BC-B12C-61B2732709D8}.Release|x64.Build.0 = Release|x64
		{4DD46554-4CAF-4F64-B59E-CF0226EBBD07}.Debug|Any CPU.ActiveCfg = Debug|Any CPU
		{4DD46554-4CAF-4F64-B59E-CF0226EBBD07}.Debug|Any CPU.Build.0 = Debug|Any CPU
		{4DD46554-4CAF-4F64-B59E-CF0226EBBD07}.Debug|x64.ActiveCfg = Debug|Any CPU
		{4DD46554-4CAF-4F64-B59E-CF0226EBBD07}.Debug|x64.Build.0 = Debug|Any CPU
		{4DD46554-4CAF-4F64-B59E-CF0226EBBD07}.Release|Any CPU.ActiveCfg = Release|Any CPU
		{4DD46554-4CAF-4F64-B59E-CF0226EBBD07}.Release|Any CPU.Build.0 = Release|Any CPU
		{4DD46554-4CAF-4F64-B59E-CF0226EBBD07}.Release|x64.ActiveCfg = Release|Any CPU
		{4DD46554-4CAF-4F64-B59E-CF0226EBBD07}.Release|x64.Build.0 = Release|Any CPU
		{82B88CE4-5795-4C45-98DF-FEB45C4C4B1A}.Debug|Any CPU.ActiveCfg = Debug|Any CPU
		{82B88CE4-5795-4C45-98DF-FEB45C4C4B1A}.Debug|Any CPU.Build.0 = Debug|Any CPU
		{82B88CE4-5795-4C45-98DF-FEB45C4C4B1A}.Debug|x64.ActiveCfg = Debug|Any CPU
		{82B88CE4-5795-4C45-98DF-FEB45C4C4B1A}.Debug|x64.Build.0 = Debug|Any CPU
		{82B88CE4-5795-4C45-98DF-FEB45C4C4B1A}.Release|Any CPU.ActiveCfg = Release|Any CPU
		{82B88CE4-5795-4C45-98DF-FEB45C4C4B1A}.Release|Any CPU.Build.0 = Release|Any CPU
		{82B88CE4-5795-4C45-98DF-FEB45C4C4B1A}.Release|x64.ActiveCfg = Release|Any CPU
		{82B88CE4-5795-4C45-98DF-FEB45C4C4B1A}.Release|x64.Build.0 = Release|Any CPU
		{1104D836-4E8F-4108-884B-A6AE4A8897AE}.Debug|Any CPU.ActiveCfg = Debug|Any CPU
		{1104D836-4E8F-4108-884B-A6AE4A8897AE}.Debug|Any CPU.Build.0 = Debug|Any CPU
		{1104D836-4E8F-4108-884B-A6AE4A8897AE}.Debug|x64.ActiveCfg = Debug|Any CPU
		{1104D836-4E8F-4108-884B-A6AE4A8897AE}.Debug|x64.Build.0 = Debug|Any CPU
		{1104D836-4E8F-4108-884B-A6AE4A8897AE}.Release|Any CPU.ActiveCfg = Release|Any CPU
		{1104D836-4E8F-4108-884B-A6AE4A8897AE}.Release|Any CPU.Build.0 = Release|Any CPU
		{1104D836-4E8F-4108-884B-A6AE4A8897AE}.Release|x64.ActiveCfg = Release|Any CPU
		{1104D836-4E8F-4108-884B-A6AE4A8897AE}.Release|x64.Build.0 = Release|Any CPU
		{78605888-627B-4BB9-A9BC-490AB75AEEDE}.Debug|Any CPU.ActiveCfg = Debug|Any CPU
		{78605888-627B-4BB9-A9BC-490AB75AEEDE}.Debug|Any CPU.Build.0 = Debug|Any CPU
		{78605888-627B-4BB9-A9BC-490AB75AEEDE}.Debug|x64.ActiveCfg = Debug|Any CPU
		{78605888-627B-4BB9-A9BC-490AB75AEEDE}.Debug|x64.Build.0 = Debug|Any CPU
		{78605888-627B-4BB9-A9BC-490AB75AEEDE}.Release|Any CPU.ActiveCfg = Release|Any CPU
		{78605888-627B-4BB9-A9BC-490AB75AEEDE}.Release|Any CPU.Build.0 = Release|Any CPU
		{78605888-627B-4BB9-A9BC-490AB75AEEDE}.Release|x64.ActiveCfg = Release|Any CPU
		{78605888-627B-4BB9-A9BC-490AB75AEEDE}.Release|x64.Build.0 = Release|Any CPU
		{30449351-E89F-47A1-BD19-50AB7FB96D6B}.Debug|Any CPU.ActiveCfg = Debug|Any CPU
		{30449351-E89F-47A1-BD19-50AB7FB96D6B}.Debug|Any CPU.Build.0 = Debug|Any CPU
		{30449351-E89F-47A1-BD19-50AB7FB96D6B}.Debug|x64.ActiveCfg = Debug|Any CPU
		{30449351-E89F-47A1-BD19-50AB7FB96D6B}.Debug|x64.Build.0 = Debug|Any CPU
		{30449351-E89F-47A1-BD19-50AB7FB96D6B}.Release|Any CPU.ActiveCfg = Release|Any CPU
		{30449351-E89F-47A1-BD19-50AB7FB96D6B}.Release|Any CPU.Build.0 = Release|Any CPU
		{30449351-E89F-47A1-BD19-50AB7FB96D6B}.Release|x64.ActiveCfg = Release|Any CPU
		{30449351-E89F-47A1-BD19-50AB7FB96D6B}.Release|x64.Build.0 = Release|Any CPU
		{ADE91982-1374-40A6-82D0-14938C9A9B04}.Debug|Any CPU.ActiveCfg = Debug|Any CPU
		{ADE91982-1374-40A6-82D0-14938C9A9B04}.Debug|Any CPU.Build.0 = Debug|Any CPU
		{ADE91982-1374-40A6-82D0-14938C9A9B04}.Debug|x64.ActiveCfg = Debug|Any CPU
		{ADE91982-1374-40A6-82D0-14938C9A9B04}.Debug|x64.Build.0 = Debug|Any CPU
		{ADE91982-1374-40A6-82D0-14938C9A9B04}.Release|Any CPU.ActiveCfg = Release|Any CPU
		{ADE91982-1374-40A6-82D0-14938C9A9B04}.Release|Any CPU.Build.0 = Release|Any CPU
		{ADE91982-1374-40A6-82D0-14938C9A9B04}.Release|x64.ActiveCfg = Release|Any CPU
		{ADE91982-1374-40A6-82D0-14938C9A9B04}.Release|x64.Build.0 = Release|Any CPU
		{44A97F31-85F4-4B5F-B311-3E70DA6878CC}.Debug|Any CPU.ActiveCfg = Debug|Any CPU
		{44A97F31-85F4-4B5F-B311-3E70DA6878CC}.Debug|Any CPU.Build.0 = Debug|Any CPU
		{44A97F31-85F4-4B5F-B311-3E70DA6878CC}.Debug|x64.ActiveCfg = Debug|Any CPU
		{44A97F31-85F4-4B5F-B311-3E70DA6878CC}.Debug|x64.Build.0 = Debug|Any CPU
		{44A97F31-85F4-4B5F-B311-3E70DA6878CC}.Release|Any CPU.ActiveCfg = Release|Any CPU
		{44A97F31-85F4-4B5F-B311-3E70DA6878CC}.Release|Any CPU.Build.0 = Release|Any CPU
		{44A97F31-85F4-4B5F-B311-3E70DA6878CC}.Release|x64.ActiveCfg = Release|Any CPU
		{44A97F31-85F4-4B5F-B311-3E70DA6878CC}.Release|x64.Build.0 = Release|Any CPU
		{4EE917B1-3E30-40C5-B519-3768B45CD098}.Debug|Any CPU.ActiveCfg = Debug|Any CPU
		{4EE917B1-3E30-40C5-B519-3768B45CD098}.Debug|Any CPU.Build.0 = Debug|Any CPU
		{4EE917B1-3E30-40C5-B519-3768B45CD098}.Debug|x64.ActiveCfg = Debug|Any CPU
		{4EE917B1-3E30-40C5-B519-3768B45CD098}.Debug|x64.Build.0 = Debug|Any CPU
		{4EE917B1-3E30-40C5-B519-3768B45CD098}.Release|Any CPU.ActiveCfg = Release|Any CPU
		{4EE917B1-3E30-40C5-B519-3768B45CD098}.Release|Any CPU.Build.0 = Release|Any CPU
		{4EE917B1-3E30-40C5-B519-3768B45CD098}.Release|x64.ActiveCfg = Release|Any CPU
		{4EE917B1-3E30-40C5-B519-3768B45CD098}.Release|x64.Build.0 = Release|Any CPU
		{0E36FCA7-2B27-4AEF-999F-58E8F3AD9002}.Debug|Any CPU.ActiveCfg = Debug|Any CPU
		{0E36FCA7-2B27-4AEF-999F-58E8F3AD9002}.Debug|Any CPU.Build.0 = Debug|Any CPU
		{0E36FCA7-2B27-4AEF-999F-58E8F3AD9002}.Debug|x64.ActiveCfg = Debug|Any CPU
		{0E36FCA7-2B27-4AEF-999F-58E8F3AD9002}.Debug|x64.Build.0 = Debug|Any CPU
		{0E36FCA7-2B27-4AEF-999F-58E8F3AD9002}.Release|Any CPU.ActiveCfg = Release|Any CPU
		{0E36FCA7-2B27-4AEF-999F-58E8F3AD9002}.Release|Any CPU.Build.0 = Release|Any CPU
		{0E36FCA7-2B27-4AEF-999F-58E8F3AD9002}.Release|x64.ActiveCfg = Release|Any CPU
		{0E36FCA7-2B27-4AEF-999F-58E8F3AD9002}.Release|x64.Build.0 = Release|Any CPU
		{CCE11508-18E1-4024-8E2F-5C2A9657B294}.Debug|Any CPU.ActiveCfg = Debug|Any CPU
		{CCE11508-18E1-4024-8E2F-5C2A9657B294}.Debug|Any CPU.Build.0 = Debug|Any CPU
		{CCE11508-18E1-4024-8E2F-5C2A9657B294}.Debug|x64.ActiveCfg = Debug|Any CPU
		{CCE11508-18E1-4024-8E2F-5C2A9657B294}.Debug|x64.Build.0 = Debug|Any CPU
		{CCE11508-18E1-4024-8E2F-5C2A9657B294}.Release|Any CPU.ActiveCfg = Release|Any CPU
		{CCE11508-18E1-4024-8E2F-5C2A9657B294}.Release|Any CPU.Build.0 = Release|Any CPU
		{CCE11508-18E1-4024-8E2F-5C2A9657B294}.Release|x64.ActiveCfg = Release|Any CPU
		{CCE11508-18E1-4024-8E2F-5C2A9657B294}.Release|x64.Build.0 = Release|Any CPU
		{A61B8277-62E0-47D2-A3F7-93BA33A79379}.Debug|Any CPU.ActiveCfg = Debug|Any CPU
		{A61B8277-62E0-47D2-A3F7-93BA33A79379}.Debug|Any CPU.Build.0 = Debug|Any CPU
		{A61B8277-62E0-47D2-A3F7-93BA33A79379}.Debug|x64.ActiveCfg = Debug|Any CPU
		{A61B8277-62E0-47D2-A3F7-93BA33A79379}.Debug|x64.Build.0 = Debug|Any CPU
		{A61B8277-62E0-47D2-A3F7-93BA33A79379}.Release|Any CPU.ActiveCfg = Release|Any CPU
		{A61B8277-62E0-47D2-A3F7-93BA33A79379}.Release|Any CPU.Build.0 = Release|Any CPU
		{A61B8277-62E0-47D2-A3F7-93BA33A79379}.Release|x64.ActiveCfg = Release|Any CPU
		{A61B8277-62E0-47D2-A3F7-93BA33A79379}.Release|x64.Build.0 = Release|Any CPU
	EndGlobalSection
	GlobalSection(SolutionProperties) = preSolution
		HideSolutionNode = FALSE
	EndGlobalSection
	GlobalSection(NestedProjects) = preSolution
		{79154190-8C61-406E-87EA-8A378F5C511C} = {CB3EBA39-DB0E-4F7C-9DEC-B0ECD756D11E}
		{5AC96FAB-9B63-4162-874F-B81F385861A7} = {CB3EBA39-DB0E-4F7C-9DEC-B0ECD756D11E}
		{B4BD2972-7AD8-4DD2-85C2-1E3FFE6C9C18} = {CB3EBA39-DB0E-4F7C-9DEC-B0ECD756D11E}
		{F89ABEF9-D1A4-47F5-9A48-D32F9E00150E} = {CB3EBA39-DB0E-4F7C-9DEC-B0ECD756D11E}
		{E8116B7F-9592-4626-9532-7AE1E8612E90} = {CB3EBA39-DB0E-4F7C-9DEC-B0ECD756D11E}
		{8BAEF37D-A2FF-4E26-8522-8C77521B0AAF} = {CB3EBA39-DB0E-4F7C-9DEC-B0ECD756D11E}
		{1001D4EB-2294-4934-BDAD-9DD6CCA22FE7} = {CB3EBA39-DB0E-4F7C-9DEC-B0ECD756D11E}
		{2B43F7B7-3CF9-4680-9F6B-E37C93D68CB1} = {CB3EBA39-DB0E-4F7C-9DEC-B0ECD756D11E}
		{F4D36DA8-57AC-4A75-946E-9C0D11221AC7} = {CB3EBA39-DB0E-4F7C-9DEC-B0ECD756D11E}
		{479B5EC6-8AA1-48B6-9009-509B3601B1D6} = {79154190-8C61-406E-87EA-8A378F5C511C}
		{994C6274-CB01-4536-ABC4-84AD1F2B72B5} = {79154190-8C61-406E-87EA-8A378F5C511C}
		{CFEBB50F-8ED6-4CA2-944E-64925D2E59D9} = {79154190-8C61-406E-87EA-8A378F5C511C}
		{934CAC4D-3B8E-4CC6-88E3-BFF9311C9C31} = {79154190-8C61-406E-87EA-8A378F5C511C}
		{0D68F5A5-E863-430D-ACE4-8966B1A56A27} = {79154190-8C61-406E-87EA-8A378F5C511C}
		{EBCD8DB3-DBCE-400E-9244-7D1CE9B3166F} = {5AC96FAB-9B63-4162-874F-B81F385861A7}
		{281F5DD3-519E-4CA5-85C7-7CC227375630} = {5AC96FAB-9B63-4162-874F-B81F385861A7}
		{A935392F-1FAF-4A68-874C-073BD14A93D8} = {5AC96FAB-9B63-4162-874F-B81F385861A7}
		{98437B17-95AD-4740-9E90-39F3C133417E} = {5AC96FAB-9B63-4162-874F-B81F385861A7}
		{377AF014-7DBE-48B6-BF71-1BA38F3426DE} = {5AC96FAB-9B63-4162-874F-B81F385861A7}
		{002E927A-8DFD-4BC6-A978-3AA0174BAE1F} = {CB3EBA39-DB0E-4F7C-9DEC-B0ECD756D11E}
		{57346E91-FC80-4947-AF50-9DB1CA022B19} = {002E927A-8DFD-4BC6-A978-3AA0174BAE1F}
		{8DCD53C9-234D-4C95-9428-925E76FF2F4F} = {002E927A-8DFD-4BC6-A978-3AA0174BAE1F}
		{A505BC25-F527-45BE-9099-3B628E65DD74} = {002E927A-8DFD-4BC6-A978-3AA0174BAE1F}
		{D1D4AE4D-ADFB-4D3A-9980-F43BAAD84252} = {002E927A-8DFD-4BC6-A978-3AA0174BAE1F}
		{C2761986-59D0-43DB-BB5E-A04F34728C69} = {002E927A-8DFD-4BC6-A978-3AA0174BAE1F}
		{E9E1DEF4-BF22-4468-B695-F122CB2AB159} = {CB3EBA39-DB0E-4F7C-9DEC-B0ECD756D11E}
		{4833DF7A-2CDD-41BC-B12C-61B2732709D8} = {E9E1DEF4-BF22-4468-B695-F122CB2AB159}
		{4DD46554-4CAF-4F64-B59E-CF0226EBBD07} = {E9E1DEF4-BF22-4468-B695-F122CB2AB159}
		{82B88CE4-5795-4C45-98DF-FEB45C4C4B1A} = {E9E1DEF4-BF22-4468-B695-F122CB2AB159}
		{1104D836-4E8F-4108-884B-A6AE4A8897AE} = {E9E1DEF4-BF22-4468-B695-F122CB2AB159}
		{78605888-627B-4BB9-A9BC-490AB75AEEDE} = {E9E1DEF4-BF22-4468-B695-F122CB2AB159}
		{30449351-E89F-47A1-BD19-50AB7FB96D6B} = {79154190-8C61-406E-87EA-8A378F5C511C}
		{ADE91982-1374-40A6-82D0-14938C9A9B04} = {CB3EBA39-DB0E-4F7C-9DEC-B0ECD756D11E}
		{44A97F31-85F4-4B5F-B311-3E70DA6878CC} = {5AC96FAB-9B63-4162-874F-B81F385861A7}
		{4EE917B1-3E30-40C5-B519-3768B45CD098} = {002E927A-8DFD-4BC6-A978-3AA0174BAE1F}
		{0E36FCA7-2B27-4AEF-999F-58E8F3AD9002} = {E9E1DEF4-BF22-4468-B695-F122CB2AB159}
		{CCE11508-18E1-4024-8E2F-5C2A9657B294} = {002E927A-8DFD-4BC6-A978-3AA0174BAE1F}
		{A61B8277-62E0-47D2-A3F7-93BA33A79379} = {CB3EBA39-DB0E-4F7C-9DEC-B0ECD756D11E}
	EndGlobalSection
	GlobalSection(ExtensibilityGlobals) = postSolution
		SolutionGuid = {0B434211-311E-4D7B-B548-FCC4B9E78751}
	EndGlobalSection
EndGlobal
