
Microsoft Visual Studio Solution File, Format Version 12.00
# Visual Studio Version 16
VisualStudioVersion = 16.0.28803.202
MinimumVisualStudioVersion = 10.0.40219.1
Project("{2150E333-8FDC-42A3-9474-1A3956D46DE8}") = "Neuralm.Services", "Neuralm.Services", "{CB3EBA39-DB0E-4F7C-9DEC-B0ECD756D11E}"
EndProject
Project("{2150E333-8FDC-42A3-9474-1A3956D46DE8}") = "Neuralm.Services.UserService", "Neuralm.Services.UserService", "{79154190-8C61-406E-87EA-8A378F5C511C}"
EndProject
Project("{2150E333-8FDC-42A3-9474-1A3956D46DE8}") = "Neuralm.Services.TrainingRoomService", "Neuralm.Services.TrainingRoomService", "{5AC96FAB-9B63-4162-874F-B81F385861A7}"
EndProject
Project("{9A19103F-16F7-4668-BE54-9A1E7A4F7556}") = "Neuralm.Services.Common", "Neuralm.Services\Neuralm.Services.Common\Neuralm.Services.Common.csproj", "{DA8CA097-7818-4ACD-8AAC-9F1FAD45E322}"
EndProject
Project("{9A19103F-16F7-4668-BE54-9A1E7A4F7556}") = "Neuralm.Services.Common.Application", "Neuralm.Services\Neuralm.Services.Common.Application\Neuralm.Services.Common.Application.csproj", "{CD0D21E7-6D12-438C-905E-092A8DAF8688}"
EndProject
Project("{9A19103F-16F7-4668-BE54-9A1E7A4F7556}") = "Neuralm.Services.Common.Domain", "Neuralm.Services\Neuralm.Services.Common.Domain\Neuralm.Services.Common.Domain.csproj", "{309FF4A2-8520-4006-A3D7-6F96AA5EE414}"
EndProject
Project("{9A19103F-16F7-4668-BE54-9A1E7A4F7556}") = "Neuralm.Services.Common.Mapping", "Neuralm.Services\Neuralm.Services.Common.Mapping\Neuralm.Services.Common.Mapping.csproj", "{3B568865-1F44-4B72-BBAC-05E139CA7DAE}"
EndProject
Project("{9A19103F-16F7-4668-BE54-9A1E7A4F7556}") = "Neuralm.Services.Common.Persistence", "Neuralm.Services\Neuralm.Services.Common.Persistence\Neuralm.Services.Common.Persistence.csproj", "{24DA3C0D-62A6-4504-AF05-BD0CD99D03FB}"
EndProject
Project("{9A19103F-16F7-4668-BE54-9A1E7A4F7556}") = "Neuralm.Services.Common.Persistence.EFCore", "Neuralm.Services\Neuralm.Services.Common.Persistence.EFCore\Neuralm.Services.Common.Persistence.EFCore.csproj", "{109B5AF7-88CF-446D-9720-44794D502D66}"
EndProject
Project("{9A19103F-16F7-4668-BE54-9A1E7A4F7556}") = "Neuralm.Services.Common.Rest", "Neuralm.Services\Neuralm.Services.Common.Rest\Neuralm.Services.Common.Rest.csproj", "{4B699848-AD89-4092-8993-DC3CE2D46F76}"
EndProject
Project("{9A19103F-16F7-4668-BE54-9A1E7A4F7556}") = "Neuralm.Services.UserService.Domain", "Neuralm.Services\Neuralm.Services.UserService\Neuralm.Services.UserService.Domain\Neuralm.Services.UserService.Domain.csproj", "{B61842C7-4EF1-4EBA-925D-4C5FF55515B5}"
EndProject
Project("{9A19103F-16F7-4668-BE54-9A1E7A4F7556}") = "Neuralm.Services.UserService.Application", "Neuralm.Services\Neuralm.Services.UserService\Neuralm.Services.UserService.Application\Neuralm.Services.UserService.Application.csproj", "{321A2BBA-454D-4054-88CF-75470E78A916}"
EndProject
Project("{9A19103F-16F7-4668-BE54-9A1E7A4F7556}") = "Neuralm.Services.UserService.Mapping", "Neuralm.Services\Neuralm.Services.UserService\Neuralm.Services.UserService.Mapping\Neuralm.Services.UserService.Mapping.csproj", "{21DDF522-CAFC-4611-A6E6-2DFFD9656848}"
EndProject
Project("{9A19103F-16F7-4668-BE54-9A1E7A4F7556}") = "Neuralm.Services.UserService.Persistence", "Neuralm.Services\Neuralm.Services.UserService\Neuralm.Services.UserService.Persistence\Neuralm.Services.UserService.Persistence.csproj", "{03BD555C-EC86-4488-840B-9071438AE8DC}"
EndProject
Project("{9A19103F-16F7-4668-BE54-9A1E7A4F7556}") = "Neuralm.Services.UserService.Rest", "Neuralm.Services\Neuralm.Services.UserService\Neuralm.Services.UserService.Rest\Neuralm.Services.UserService.Rest.csproj", "{E71351B0-CE65-4344-AD66-D66C046B39A6}"
EndProject
Project("{9A19103F-16F7-4668-BE54-9A1E7A4F7556}") = "Neuralm.Services.TrainingRoomService.Domain", "Neuralm.Services\Neuralm.Services.TrainingRoomService\Neuralm.Services.TrainingRoomService.Domain\Neuralm.Services.TrainingRoomService.Domain.csproj", "{38A77CA6-69B8-44E3-8567-BDF241D9B6BF}"
EndProject
Project("{9A19103F-16F7-4668-BE54-9A1E7A4F7556}") = "Neuralm.Services.TrainingRoomService.Application", "Neuralm.Services\Neuralm.Services.TrainingRoomService\Neuralm.Services.TrainingRoomService.Application\Neuralm.Services.TrainingRoomService.Application.csproj", "{B604A950-9299-46C2-A9D7-1A75AE70854F}"
EndProject
Project("{9A19103F-16F7-4668-BE54-9A1E7A4F7556}") = "Neuralm.Services.TrainingRoomService.Mapping", "Neuralm.Services\Neuralm.Services.TrainingRoomService\Neuralm.Services.TrainingRoomService.Mapping\Neuralm.Services.TrainingRoomService.Mapping.csproj", "{D4B4588F-349D-448A-84E6-52862812858F}"
EndProject
Project("{9A19103F-16F7-4668-BE54-9A1E7A4F7556}") = "Neuralm.Services.TrainingRoomService.Persistence", "Neuralm.Services\Neuralm.Services.TrainingRoomService\Neuralm.Services.TrainingRoomService.Persistence\Neuralm.Services.TrainingRoomService.Persistence.csproj", "{2B855812-6389-43DF-823D-1933B2C8B199}"
EndProject
Project("{9A19103F-16F7-4668-BE54-9A1E7A4F7556}") = "Neuralm.Services.TrainingRoomService.Rest", "Neuralm.Services\Neuralm.Services.TrainingRoomService\Neuralm.Services.TrainingRoomService.Rest\Neuralm.Services.TrainingRoomService.Rest.csproj", "{E44B9D71-C043-4409-A9DF-DBE647D5ECA7}"
EndProject
Project("{2150E333-8FDC-42A3-9474-1A3956D46DE8}") = "Neuralm.Services.RegistryService", "Neuralm.Services.RegistryService", "{002E927A-8DFD-4BC6-A978-3AA0174BAE1F}"
EndProject
Project("{9A19103F-16F7-4668-BE54-9A1E7A4F7556}") = "Neuralm.Services.RegistryService.Rest", "Neuralm.Services\Neuralm.Services.RegistryService\Neuralm.Services.RegistryService.Rest\Neuralm.Services.RegistryService.Rest.csproj", "{3E2627AC-17A4-4D8B-96BF-7FF54DDD3B3B}"
EndProject
Project("{9A19103F-16F7-4668-BE54-9A1E7A4F7556}") = "Neuralm.Services.RegistryService.Domain", "Neuralm.Services\Neuralm.Services.RegistryService\Neuralm.Services.RegistryService.Domain\Neuralm.Services.RegistryService.Domain.csproj", "{206E39A6-D253-4D5A-975E-99D50EB3DE34}"
EndProject
Project("{9A19103F-16F7-4668-BE54-9A1E7A4F7556}") = "Neuralm.Services.RegistryService.Application", "Neuralm.Services\Neuralm.Services.RegistryService\Neuralm.Services.RegistryService.Application\Neuralm.Services.RegistryService.Application.csproj", "{AD576527-8710-4762-A9F7-E13FA38A404F}"
EndProject
Project("{9A19103F-16F7-4668-BE54-9A1E7A4F7556}") = "Neuralm.Services.RegistryService.Persistence", "Neuralm.Services\Neuralm.Services.RegistryService\Neuralm.Services.RegistryService.Persistence\Neuralm.Services.RegistryService.Persistence.csproj", "{EF6CDDEC-1185-4FF7-9AF0-BFF6167A9A7A}"
EndProject
Project("{9A19103F-16F7-4668-BE54-9A1E7A4F7556}") = "Neuralm.Services.RegistryService.Mapping", "Neuralm.Services\Neuralm.Services.RegistryService\Neuralm.Services.RegistryService.Mapping\Neuralm.Services.RegistryService.Mapping.csproj", "{E6104252-13F3-4D27-A238-9CD417D55493}"
EndProject
Project("{2150E333-8FDC-42A3-9474-1A3956D46DE8}") = "Neuralm.Services.MessageQueue", "Neuralm.Services.MessageQueue", "{E9E1DEF4-BF22-4468-B695-F122CB2AB159}"
EndProject
Project("{9A19103F-16F7-4668-BE54-9A1E7A4F7556}") = "Neuralm.Services.MessageQueue.NeuralmMQ", "Neuralm.Services\Neuralm.Services.MessageQueue\Neuralm.Services.MessageQueue.NeuralmMQ\Neuralm.Services.MessageQueue.NeuralmMQ.csproj", "{81C84681-C46E-42EC-88C4-B24054E91E67}"
EndProject
Project("{9A19103F-16F7-4668-BE54-9A1E7A4F7556}") = "Neuralm.Services.MessageQueue.Application", "Neuralm.Services\Neuralm.Services.MessageQueue\Neuralm.Services.MessageQueue.Application\Neuralm.Services.MessageQueue.Application.csproj", "{75B47FA8-2176-4448-A2BC-FCAF37725EC8}"
EndProject
Project("{9A19103F-16F7-4668-BE54-9A1E7A4F7556}") = "Neuralm.Services.MessageQueue.Mapping", "Neuralm.Services\Neuralm.Services.MessageQueue\Neuralm.Services.MessageQueue.Mapping\Neuralm.Services.MessageQueue.Mapping.csproj", "{3342B950-782E-4128-B93D-36569D31DCF5}"
EndProject
Project("{9A19103F-16F7-4668-BE54-9A1E7A4F7556}") = "Neuralm.Services.MessageQueue.Infrastructure", "Neuralm.Services\Neuralm.Services.MessageQueue\Neuralm.Services.MessageQueue.Infrastructure\Neuralm.Services.MessageQueue.Infrastructure.csproj", "{A1C0DA84-3166-4E3D-A097-FC6D2699C7DB}"
EndProject
Project("{9A19103F-16F7-4668-BE54-9A1E7A4F7556}") = "Neuralm.Services.UserService.Messages", "Neuralm.Services\Neuralm.Services.UserService\Neuralm.Services.UserService.Messages\Neuralm.Services.UserService.Messages.csproj", "{989C7C97-68F2-42C7-88C6-F5F45ED3BE1F}"
EndProject
Project("{9A19103F-16F7-4668-BE54-9A1E7A4F7556}") = "Neuralm.Services.Common.Messages", "Neuralm.Services\Neuralm.Services.Common.Messages\Neuralm.Services.Common.Messages.csproj", "{A8D25F9E-DA43-4E35-B598-E169EAFD785A}"
EndProject
Project("{9A19103F-16F7-4668-BE54-9A1E7A4F7556}") = "Neuralm.Services.TrainingRoomService.Messages", "Neuralm.Services\Neuralm.Services.TrainingRoomService\Neuralm.Services.TrainingRoomService.Messages\Neuralm.Services.TrainingRoomService.Messages.csproj", "{282FB543-0161-4688-B4CE-CB0472E5E473}"
EndProject
Project("{9A19103F-16F7-4668-BE54-9A1E7A4F7556}") = "Neuralm.Services.RegistryService.Messages", "Neuralm.Services\Neuralm.Services.RegistryService\Neuralm.Services.RegistryService.Messages\Neuralm.Services.RegistryService.Messages.csproj", "{E61DEE95-7FB1-47B2-9ECB-CBA4344A5622}"
EndProject
Project("{9A19103F-16F7-4668-BE54-9A1E7A4F7556}") = "Neuralm.Services.MessageQueue.Tests", "Neuralm.Services\Neuralm.Services.MessageQueue\Neuralm.Services.MessageQueue.Tests\Neuralm.Services.MessageQueue.Tests.csproj", "{DE02CCE2-7363-4D2E-8659-9758037EC811}"
EndProject
Project("{9A19103F-16F7-4668-BE54-9A1E7A4F7556}") = "Neuralm.Services.RegistryService.Infrastructure", "Neuralm.Services\Neuralm.Services.RegistryService\Neuralm.Services.RegistryService.Infrastructure\Neuralm.Services.RegistryService.Infrastructure.csproj", "{C093891F-6A77-437A-96C9-E92ABEB53371}"
EndProject
Project("{9A19103F-16F7-4668-BE54-9A1E7A4F7556}") = "Neuralm.Services.Common.Infrastructure", "Neuralm.Services\Neuralm.Services.Common.Infrastructure\Neuralm.Services.Common.Infrastructure.csproj", "{1DA30950-CAF7-40C1-AC58-378312CC63DC}"
EndProject
Project("{9A19103F-16F7-4668-BE54-9A1E7A4F7556}") = "Neuralm.Services.TrainingRoomService.Tests", "Neuralm.Services\Neuralm.Services.TrainingRoomService\Neuralm.Services.TrainingRoomService.Tests\Neuralm.Services.TrainingRoomService.Tests.csproj", "{3594C55B-74AB-49FA-96FC-7BABBF09BE71}"
EndProject
Project("{9A19103F-16F7-4668-BE54-9A1E7A4F7556}") = "Neuralm.Services.TrainingRoomService.Infrastructure", "Neuralm.Services\Neuralm.Services.TrainingRoomService\Neuralm.Services.TrainingRoomService.Infrastructure\Neuralm.Services.TrainingRoomService.Infrastructure.csproj", "{0178101F-337A-4F8D-A22A-AE54ECC8357D}"
EndProject
Project("{2150E333-8FDC-42A3-9474-1A3956D46DE8}") = "Neuralm.Services.Common", "Neuralm.Services.Common", "{AA346ED9-C5CD-4A88-B931-84C464EF8AC3}"
EndProject
Project("{FAE04EC0-301F-11D3-BF4B-00C04F79EFBC}") = "Neuralm.CLI", "Neuralm.Services\Neuralm.CLI\Neuralm.CLI.csproj", "{4A725256-42BD-43A5-AB6D-3ACD31EA9FC3}"
EndProject
Global
	GlobalSection(SolutionConfigurationPlatforms) = preSolution
		Debug|Any CPU = Debug|Any CPU
		Debug|x64 = Debug|x64
		Release|Any CPU = Release|Any CPU
		Release|x64 = Release|x64
	EndGlobalSection
	GlobalSection(ProjectConfigurationPlatforms) = postSolution
		{DA8CA097-7818-4ACD-8AAC-9F1FAD45E322}.Debug|Any CPU.ActiveCfg = Debug|Any CPU
		{DA8CA097-7818-4ACD-8AAC-9F1FAD45E322}.Debug|Any CPU.Build.0 = Debug|Any CPU
		{DA8CA097-7818-4ACD-8AAC-9F1FAD45E322}.Debug|x64.ActiveCfg = Debug|Any CPU
		{DA8CA097-7818-4ACD-8AAC-9F1FAD45E322}.Debug|x64.Build.0 = Debug|Any CPU
		{DA8CA097-7818-4ACD-8AAC-9F1FAD45E322}.Release|Any CPU.ActiveCfg = Release|Any CPU
		{DA8CA097-7818-4ACD-8AAC-9F1FAD45E322}.Release|Any CPU.Build.0 = Release|Any CPU
		{DA8CA097-7818-4ACD-8AAC-9F1FAD45E322}.Release|x64.ActiveCfg = Release|Any CPU
		{DA8CA097-7818-4ACD-8AAC-9F1FAD45E322}.Release|x64.Build.0 = Release|Any CPU
		{CD0D21E7-6D12-438C-905E-092A8DAF8688}.Debug|Any CPU.ActiveCfg = Debug|Any CPU
		{CD0D21E7-6D12-438C-905E-092A8DAF8688}.Debug|Any CPU.Build.0 = Debug|Any CPU
		{CD0D21E7-6D12-438C-905E-092A8DAF8688}.Debug|x64.ActiveCfg = Debug|Any CPU
		{CD0D21E7-6D12-438C-905E-092A8DAF8688}.Debug|x64.Build.0 = Debug|Any CPU
		{CD0D21E7-6D12-438C-905E-092A8DAF8688}.Release|Any CPU.ActiveCfg = Release|Any CPU
		{CD0D21E7-6D12-438C-905E-092A8DAF8688}.Release|Any CPU.Build.0 = Release|Any CPU
		{CD0D21E7-6D12-438C-905E-092A8DAF8688}.Release|x64.ActiveCfg = Release|Any CPU
		{CD0D21E7-6D12-438C-905E-092A8DAF8688}.Release|x64.Build.0 = Release|Any CPU
		{309FF4A2-8520-4006-A3D7-6F96AA5EE414}.Debug|Any CPU.ActiveCfg = Debug|Any CPU
		{309FF4A2-8520-4006-A3D7-6F96AA5EE414}.Debug|Any CPU.Build.0 = Debug|Any CPU
		{309FF4A2-8520-4006-A3D7-6F96AA5EE414}.Debug|x64.ActiveCfg = Debug|Any CPU
		{309FF4A2-8520-4006-A3D7-6F96AA5EE414}.Debug|x64.Build.0 = Debug|Any CPU
		{309FF4A2-8520-4006-A3D7-6F96AA5EE414}.Release|Any CPU.ActiveCfg = Release|Any CPU
		{309FF4A2-8520-4006-A3D7-6F96AA5EE414}.Release|Any CPU.Build.0 = Release|Any CPU
		{309FF4A2-8520-4006-A3D7-6F96AA5EE414}.Release|x64.ActiveCfg = Release|Any CPU
		{309FF4A2-8520-4006-A3D7-6F96AA5EE414}.Release|x64.Build.0 = Release|Any CPU
		{3B568865-1F44-4B72-BBAC-05E139CA7DAE}.Debug|Any CPU.ActiveCfg = Debug|Any CPU
		{3B568865-1F44-4B72-BBAC-05E139CA7DAE}.Debug|Any CPU.Build.0 = Debug|Any CPU
		{3B568865-1F44-4B72-BBAC-05E139CA7DAE}.Debug|x64.ActiveCfg = Debug|Any CPU
		{3B568865-1F44-4B72-BBAC-05E139CA7DAE}.Debug|x64.Build.0 = Debug|Any CPU
		{3B568865-1F44-4B72-BBAC-05E139CA7DAE}.Release|Any CPU.ActiveCfg = Release|Any CPU
		{3B568865-1F44-4B72-BBAC-05E139CA7DAE}.Release|Any CPU.Build.0 = Release|Any CPU
		{3B568865-1F44-4B72-BBAC-05E139CA7DAE}.Release|x64.ActiveCfg = Release|Any CPU
		{3B568865-1F44-4B72-BBAC-05E139CA7DAE}.Release|x64.Build.0 = Release|Any CPU
		{24DA3C0D-62A6-4504-AF05-BD0CD99D03FB}.Debug|Any CPU.ActiveCfg = Debug|Any CPU
		{24DA3C0D-62A6-4504-AF05-BD0CD99D03FB}.Debug|Any CPU.Build.0 = Debug|Any CPU
		{24DA3C0D-62A6-4504-AF05-BD0CD99D03FB}.Debug|x64.ActiveCfg = Debug|Any CPU
		{24DA3C0D-62A6-4504-AF05-BD0CD99D03FB}.Debug|x64.Build.0 = Debug|Any CPU
		{24DA3C0D-62A6-4504-AF05-BD0CD99D03FB}.Release|Any CPU.ActiveCfg = Release|Any CPU
		{24DA3C0D-62A6-4504-AF05-BD0CD99D03FB}.Release|Any CPU.Build.0 = Release|Any CPU
		{24DA3C0D-62A6-4504-AF05-BD0CD99D03FB}.Release|x64.ActiveCfg = Release|Any CPU
		{24DA3C0D-62A6-4504-AF05-BD0CD99D03FB}.Release|x64.Build.0 = Release|Any CPU
		{109B5AF7-88CF-446D-9720-44794D502D66}.Debug|Any CPU.ActiveCfg = Debug|Any CPU
		{109B5AF7-88CF-446D-9720-44794D502D66}.Debug|Any CPU.Build.0 = Debug|Any CPU
		{109B5AF7-88CF-446D-9720-44794D502D66}.Debug|x64.ActiveCfg = Debug|Any CPU
		{109B5AF7-88CF-446D-9720-44794D502D66}.Debug|x64.Build.0 = Debug|Any CPU
		{109B5AF7-88CF-446D-9720-44794D502D66}.Release|Any CPU.ActiveCfg = Release|Any CPU
		{109B5AF7-88CF-446D-9720-44794D502D66}.Release|Any CPU.Build.0 = Release|Any CPU
		{109B5AF7-88CF-446D-9720-44794D502D66}.Release|x64.ActiveCfg = Release|Any CPU
		{109B5AF7-88CF-446D-9720-44794D502D66}.Release|x64.Build.0 = Release|Any CPU
		{4B699848-AD89-4092-8993-DC3CE2D46F76}.Debug|Any CPU.ActiveCfg = Debug|Any CPU
		{4B699848-AD89-4092-8993-DC3CE2D46F76}.Debug|Any CPU.Build.0 = Debug|Any CPU
		{4B699848-AD89-4092-8993-DC3CE2D46F76}.Debug|x64.ActiveCfg = Debug|Any CPU
		{4B699848-AD89-4092-8993-DC3CE2D46F76}.Debug|x64.Build.0 = Debug|Any CPU
		{4B699848-AD89-4092-8993-DC3CE2D46F76}.Release|Any CPU.ActiveCfg = Release|Any CPU
		{4B699848-AD89-4092-8993-DC3CE2D46F76}.Release|Any CPU.Build.0 = Release|Any CPU
		{4B699848-AD89-4092-8993-DC3CE2D46F76}.Release|x64.ActiveCfg = Release|Any CPU
		{4B699848-AD89-4092-8993-DC3CE2D46F76}.Release|x64.Build.0 = Release|Any CPU
		{B61842C7-4EF1-4EBA-925D-4C5FF55515B5}.Debug|Any CPU.ActiveCfg = Debug|Any CPU
		{B61842C7-4EF1-4EBA-925D-4C5FF55515B5}.Debug|Any CPU.Build.0 = Debug|Any CPU
		{B61842C7-4EF1-4EBA-925D-4C5FF55515B5}.Debug|x64.ActiveCfg = Debug|Any CPU
		{B61842C7-4EF1-4EBA-925D-4C5FF55515B5}.Debug|x64.Build.0 = Debug|Any CPU
		{B61842C7-4EF1-4EBA-925D-4C5FF55515B5}.Release|Any CPU.ActiveCfg = Release|Any CPU
		{B61842C7-4EF1-4EBA-925D-4C5FF55515B5}.Release|Any CPU.Build.0 = Release|Any CPU
		{B61842C7-4EF1-4EBA-925D-4C5FF55515B5}.Release|x64.ActiveCfg = Release|Any CPU
		{B61842C7-4EF1-4EBA-925D-4C5FF55515B5}.Release|x64.Build.0 = Release|Any CPU
		{321A2BBA-454D-4054-88CF-75470E78A916}.Debug|Any CPU.ActiveCfg = Debug|Any CPU
		{321A2BBA-454D-4054-88CF-75470E78A916}.Debug|Any CPU.Build.0 = Debug|Any CPU
		{321A2BBA-454D-4054-88CF-75470E78A916}.Debug|x64.ActiveCfg = Debug|Any CPU
		{321A2BBA-454D-4054-88CF-75470E78A916}.Debug|x64.Build.0 = Debug|Any CPU
		{321A2BBA-454D-4054-88CF-75470E78A916}.Release|Any CPU.ActiveCfg = Release|Any CPU
		{321A2BBA-454D-4054-88CF-75470E78A916}.Release|Any CPU.Build.0 = Release|Any CPU
		{321A2BBA-454D-4054-88CF-75470E78A916}.Release|x64.ActiveCfg = Release|Any CPU
		{321A2BBA-454D-4054-88CF-75470E78A916}.Release|x64.Build.0 = Release|Any CPU
		{21DDF522-CAFC-4611-A6E6-2DFFD9656848}.Debug|Any CPU.ActiveCfg = Debug|Any CPU
		{21DDF522-CAFC-4611-A6E6-2DFFD9656848}.Debug|Any CPU.Build.0 = Debug|Any CPU
		{21DDF522-CAFC-4611-A6E6-2DFFD9656848}.Debug|x64.ActiveCfg = Debug|Any CPU
		{21DDF522-CAFC-4611-A6E6-2DFFD9656848}.Debug|x64.Build.0 = Debug|Any CPU
		{21DDF522-CAFC-4611-A6E6-2DFFD9656848}.Release|Any CPU.ActiveCfg = Release|Any CPU
		{21DDF522-CAFC-4611-A6E6-2DFFD9656848}.Release|Any CPU.Build.0 = Release|Any CPU
		{21DDF522-CAFC-4611-A6E6-2DFFD9656848}.Release|x64.ActiveCfg = Release|Any CPU
		{21DDF522-CAFC-4611-A6E6-2DFFD9656848}.Release|x64.Build.0 = Release|Any CPU
		{03BD555C-EC86-4488-840B-9071438AE8DC}.Debug|Any CPU.ActiveCfg = Debug|Any CPU
		{03BD555C-EC86-4488-840B-9071438AE8DC}.Debug|Any CPU.Build.0 = Debug|Any CPU
		{03BD555C-EC86-4488-840B-9071438AE8DC}.Debug|x64.ActiveCfg = Debug|Any CPU
		{03BD555C-EC86-4488-840B-9071438AE8DC}.Debug|x64.Build.0 = Debug|Any CPU
		{03BD555C-EC86-4488-840B-9071438AE8DC}.Release|Any CPU.ActiveCfg = Release|Any CPU
		{03BD555C-EC86-4488-840B-9071438AE8DC}.Release|Any CPU.Build.0 = Release|Any CPU
		{03BD555C-EC86-4488-840B-9071438AE8DC}.Release|x64.ActiveCfg = Release|Any CPU
		{03BD555C-EC86-4488-840B-9071438AE8DC}.Release|x64.Build.0 = Release|Any CPU
		{E71351B0-CE65-4344-AD66-D66C046B39A6}.Debug|Any CPU.ActiveCfg = Debug|Any CPU
		{E71351B0-CE65-4344-AD66-D66C046B39A6}.Debug|Any CPU.Build.0 = Debug|Any CPU
		{E71351B0-CE65-4344-AD66-D66C046B39A6}.Debug|x64.ActiveCfg = Debug|Any CPU
		{E71351B0-CE65-4344-AD66-D66C046B39A6}.Debug|x64.Build.0 = Debug|Any CPU
		{E71351B0-CE65-4344-AD66-D66C046B39A6}.Release|Any CPU.ActiveCfg = Release|Any CPU
		{E71351B0-CE65-4344-AD66-D66C046B39A6}.Release|Any CPU.Build.0 = Release|Any CPU
		{E71351B0-CE65-4344-AD66-D66C046B39A6}.Release|x64.ActiveCfg = Release|Any CPU
		{E71351B0-CE65-4344-AD66-D66C046B39A6}.Release|x64.Build.0 = Release|Any CPU
		{38A77CA6-69B8-44E3-8567-BDF241D9B6BF}.Debug|Any CPU.ActiveCfg = Debug|Any CPU
		{38A77CA6-69B8-44E3-8567-BDF241D9B6BF}.Debug|Any CPU.Build.0 = Debug|Any CPU
		{38A77CA6-69B8-44E3-8567-BDF241D9B6BF}.Debug|x64.ActiveCfg = Debug|Any CPU
		{38A77CA6-69B8-44E3-8567-BDF241D9B6BF}.Debug|x64.Build.0 = Debug|Any CPU
		{38A77CA6-69B8-44E3-8567-BDF241D9B6BF}.Release|Any CPU.ActiveCfg = Release|Any CPU
		{38A77CA6-69B8-44E3-8567-BDF241D9B6BF}.Release|Any CPU.Build.0 = Release|Any CPU
		{38A77CA6-69B8-44E3-8567-BDF241D9B6BF}.Release|x64.ActiveCfg = Release|Any CPU
		{38A77CA6-69B8-44E3-8567-BDF241D9B6BF}.Release|x64.Build.0 = Release|Any CPU
		{B604A950-9299-46C2-A9D7-1A75AE70854F}.Debug|Any CPU.ActiveCfg = Debug|Any CPU
		{B604A950-9299-46C2-A9D7-1A75AE70854F}.Debug|Any CPU.Build.0 = Debug|Any CPU
		{B604A950-9299-46C2-A9D7-1A75AE70854F}.Debug|x64.ActiveCfg = Debug|Any CPU
		{B604A950-9299-46C2-A9D7-1A75AE70854F}.Debug|x64.Build.0 = Debug|Any CPU
		{B604A950-9299-46C2-A9D7-1A75AE70854F}.Release|Any CPU.ActiveCfg = Release|Any CPU
		{B604A950-9299-46C2-A9D7-1A75AE70854F}.Release|Any CPU.Build.0 = Release|Any CPU
		{B604A950-9299-46C2-A9D7-1A75AE70854F}.Release|x64.ActiveCfg = Release|Any CPU
		{B604A950-9299-46C2-A9D7-1A75AE70854F}.Release|x64.Build.0 = Release|Any CPU
		{D4B4588F-349D-448A-84E6-52862812858F}.Debug|Any CPU.ActiveCfg = Debug|Any CPU
		{D4B4588F-349D-448A-84E6-52862812858F}.Debug|Any CPU.Build.0 = Debug|Any CPU
		{D4B4588F-349D-448A-84E6-52862812858F}.Debug|x64.ActiveCfg = Debug|Any CPU
		{D4B4588F-349D-448A-84E6-52862812858F}.Debug|x64.Build.0 = Debug|Any CPU
		{D4B4588F-349D-448A-84E6-52862812858F}.Release|Any CPU.ActiveCfg = Release|Any CPU
		{D4B4588F-349D-448A-84E6-52862812858F}.Release|Any CPU.Build.0 = Release|Any CPU
		{D4B4588F-349D-448A-84E6-52862812858F}.Release|x64.ActiveCfg = Release|Any CPU
		{D4B4588F-349D-448A-84E6-52862812858F}.Release|x64.Build.0 = Release|Any CPU
		{2B855812-6389-43DF-823D-1933B2C8B199}.Debug|Any CPU.ActiveCfg = Debug|Any CPU
		{2B855812-6389-43DF-823D-1933B2C8B199}.Debug|Any CPU.Build.0 = Debug|Any CPU
		{2B855812-6389-43DF-823D-1933B2C8B199}.Debug|x64.ActiveCfg = Debug|Any CPU
		{2B855812-6389-43DF-823D-1933B2C8B199}.Debug|x64.Build.0 = Debug|Any CPU
		{2B855812-6389-43DF-823D-1933B2C8B199}.Release|Any CPU.ActiveCfg = Release|Any CPU
		{2B855812-6389-43DF-823D-1933B2C8B199}.Release|Any CPU.Build.0 = Release|Any CPU
		{2B855812-6389-43DF-823D-1933B2C8B199}.Release|x64.ActiveCfg = Release|Any CPU
		{2B855812-6389-43DF-823D-1933B2C8B199}.Release|x64.Build.0 = Release|Any CPU
		{E44B9D71-C043-4409-A9DF-DBE647D5ECA7}.Debug|Any CPU.ActiveCfg = Debug|Any CPU
		{E44B9D71-C043-4409-A9DF-DBE647D5ECA7}.Debug|Any CPU.Build.0 = Debug|Any CPU
		{E44B9D71-C043-4409-A9DF-DBE647D5ECA7}.Debug|x64.ActiveCfg = Debug|Any CPU
		{E44B9D71-C043-4409-A9DF-DBE647D5ECA7}.Debug|x64.Build.0 = Debug|Any CPU
		{E44B9D71-C043-4409-A9DF-DBE647D5ECA7}.Release|Any CPU.ActiveCfg = Release|Any CPU
		{E44B9D71-C043-4409-A9DF-DBE647D5ECA7}.Release|Any CPU.Build.0 = Release|Any CPU
		{E44B9D71-C043-4409-A9DF-DBE647D5ECA7}.Release|x64.ActiveCfg = Release|Any CPU
		{E44B9D71-C043-4409-A9DF-DBE647D5ECA7}.Release|x64.Build.0 = Release|Any CPU
		{3E2627AC-17A4-4D8B-96BF-7FF54DDD3B3B}.Debug|Any CPU.ActiveCfg = Debug|Any CPU
		{3E2627AC-17A4-4D8B-96BF-7FF54DDD3B3B}.Debug|Any CPU.Build.0 = Debug|Any CPU
		{3E2627AC-17A4-4D8B-96BF-7FF54DDD3B3B}.Debug|x64.ActiveCfg = Debug|Any CPU
		{3E2627AC-17A4-4D8B-96BF-7FF54DDD3B3B}.Debug|x64.Build.0 = Debug|Any CPU
		{3E2627AC-17A4-4D8B-96BF-7FF54DDD3B3B}.Release|Any CPU.ActiveCfg = Release|Any CPU
		{3E2627AC-17A4-4D8B-96BF-7FF54DDD3B3B}.Release|Any CPU.Build.0 = Release|Any CPU
		{3E2627AC-17A4-4D8B-96BF-7FF54DDD3B3B}.Release|x64.ActiveCfg = Release|Any CPU
		{3E2627AC-17A4-4D8B-96BF-7FF54DDD3B3B}.Release|x64.Build.0 = Release|Any CPU
		{206E39A6-D253-4D5A-975E-99D50EB3DE34}.Debug|Any CPU.ActiveCfg = Debug|Any CPU
		{206E39A6-D253-4D5A-975E-99D50EB3DE34}.Debug|Any CPU.Build.0 = Debug|Any CPU
		{206E39A6-D253-4D5A-975E-99D50EB3DE34}.Debug|x64.ActiveCfg = Debug|Any CPU
		{206E39A6-D253-4D5A-975E-99D50EB3DE34}.Debug|x64.Build.0 = Debug|Any CPU
		{206E39A6-D253-4D5A-975E-99D50EB3DE34}.Release|Any CPU.ActiveCfg = Release|Any CPU
		{206E39A6-D253-4D5A-975E-99D50EB3DE34}.Release|Any CPU.Build.0 = Release|Any CPU
		{206E39A6-D253-4D5A-975E-99D50EB3DE34}.Release|x64.ActiveCfg = Release|Any CPU
		{206E39A6-D253-4D5A-975E-99D50EB3DE34}.Release|x64.Build.0 = Release|Any CPU
		{AD576527-8710-4762-A9F7-E13FA38A404F}.Debug|Any CPU.ActiveCfg = Debug|Any CPU
		{AD576527-8710-4762-A9F7-E13FA38A404F}.Debug|Any CPU.Build.0 = Debug|Any CPU
		{AD576527-8710-4762-A9F7-E13FA38A404F}.Debug|x64.ActiveCfg = Debug|Any CPU
		{AD576527-8710-4762-A9F7-E13FA38A404F}.Debug|x64.Build.0 = Debug|Any CPU
		{AD576527-8710-4762-A9F7-E13FA38A404F}.Release|Any CPU.ActiveCfg = Release|Any CPU
		{AD576527-8710-4762-A9F7-E13FA38A404F}.Release|Any CPU.Build.0 = Release|Any CPU
		{AD576527-8710-4762-A9F7-E13FA38A404F}.Release|x64.ActiveCfg = Release|Any CPU
		{AD576527-8710-4762-A9F7-E13FA38A404F}.Release|x64.Build.0 = Release|Any CPU
		{EF6CDDEC-1185-4FF7-9AF0-BFF6167A9A7A}.Debug|Any CPU.ActiveCfg = Debug|Any CPU
		{EF6CDDEC-1185-4FF7-9AF0-BFF6167A9A7A}.Debug|Any CPU.Build.0 = Debug|Any CPU
		{EF6CDDEC-1185-4FF7-9AF0-BFF6167A9A7A}.Debug|x64.ActiveCfg = Debug|Any CPU
		{EF6CDDEC-1185-4FF7-9AF0-BFF6167A9A7A}.Debug|x64.Build.0 = Debug|Any CPU
		{EF6CDDEC-1185-4FF7-9AF0-BFF6167A9A7A}.Release|Any CPU.ActiveCfg = Release|Any CPU
		{EF6CDDEC-1185-4FF7-9AF0-BFF6167A9A7A}.Release|Any CPU.Build.0 = Release|Any CPU
		{EF6CDDEC-1185-4FF7-9AF0-BFF6167A9A7A}.Release|x64.ActiveCfg = Release|Any CPU
		{EF6CDDEC-1185-4FF7-9AF0-BFF6167A9A7A}.Release|x64.Build.0 = Release|Any CPU
		{E6104252-13F3-4D27-A238-9CD417D55493}.Debug|Any CPU.ActiveCfg = Debug|Any CPU
		{E6104252-13F3-4D27-A238-9CD417D55493}.Debug|Any CPU.Build.0 = Debug|Any CPU
		{E6104252-13F3-4D27-A238-9CD417D55493}.Debug|x64.ActiveCfg = Debug|Any CPU
		{E6104252-13F3-4D27-A238-9CD417D55493}.Debug|x64.Build.0 = Debug|Any CPU
		{E6104252-13F3-4D27-A238-9CD417D55493}.Release|Any CPU.ActiveCfg = Release|Any CPU
		{E6104252-13F3-4D27-A238-9CD417D55493}.Release|Any CPU.Build.0 = Release|Any CPU
		{E6104252-13F3-4D27-A238-9CD417D55493}.Release|x64.ActiveCfg = Release|Any CPU
		{E6104252-13F3-4D27-A238-9CD417D55493}.Release|x64.Build.0 = Release|Any CPU
		{81C84681-C46E-42EC-88C4-B24054E91E67}.Debug|Any CPU.ActiveCfg = Debug|Any CPU
		{81C84681-C46E-42EC-88C4-B24054E91E67}.Debug|Any CPU.Build.0 = Debug|Any CPU
		{81C84681-C46E-42EC-88C4-B24054E91E67}.Debug|x64.ActiveCfg = Debug|x64
		{81C84681-C46E-42EC-88C4-B24054E91E67}.Debug|x64.Build.0 = Debug|x64
		{81C84681-C46E-42EC-88C4-B24054E91E67}.Release|Any CPU.ActiveCfg = Release|Any CPU
		{81C84681-C46E-42EC-88C4-B24054E91E67}.Release|Any CPU.Build.0 = Release|Any CPU
		{81C84681-C46E-42EC-88C4-B24054E91E67}.Release|x64.ActiveCfg = Release|x64
		{81C84681-C46E-42EC-88C4-B24054E91E67}.Release|x64.Build.0 = Release|x64
		{75B47FA8-2176-4448-A2BC-FCAF37725EC8}.Debug|Any CPU.ActiveCfg = Debug|Any CPU
		{75B47FA8-2176-4448-A2BC-FCAF37725EC8}.Debug|Any CPU.Build.0 = Debug|Any CPU
		{75B47FA8-2176-4448-A2BC-FCAF37725EC8}.Debug|x64.ActiveCfg = Debug|Any CPU
		{75B47FA8-2176-4448-A2BC-FCAF37725EC8}.Debug|x64.Build.0 = Debug|Any CPU
		{75B47FA8-2176-4448-A2BC-FCAF37725EC8}.Release|Any CPU.ActiveCfg = Release|Any CPU
		{75B47FA8-2176-4448-A2BC-FCAF37725EC8}.Release|Any CPU.Build.0 = Release|Any CPU
		{75B47FA8-2176-4448-A2BC-FCAF37725EC8}.Release|x64.ActiveCfg = Release|Any CPU
		{75B47FA8-2176-4448-A2BC-FCAF37725EC8}.Release|x64.Build.0 = Release|Any CPU
		{3342B950-782E-4128-B93D-36569D31DCF5}.Debug|Any CPU.ActiveCfg = Debug|Any CPU
		{3342B950-782E-4128-B93D-36569D31DCF5}.Debug|Any CPU.Build.0 = Debug|Any CPU
		{3342B950-782E-4128-B93D-36569D31DCF5}.Debug|x64.ActiveCfg = Debug|Any CPU
		{3342B950-782E-4128-B93D-36569D31DCF5}.Debug|x64.Build.0 = Debug|Any CPU
		{3342B950-782E-4128-B93D-36569D31DCF5}.Release|Any CPU.ActiveCfg = Release|Any CPU
		{3342B950-782E-4128-B93D-36569D31DCF5}.Release|Any CPU.Build.0 = Release|Any CPU
		{3342B950-782E-4128-B93D-36569D31DCF5}.Release|x64.ActiveCfg = Release|Any CPU
		{3342B950-782E-4128-B93D-36569D31DCF5}.Release|x64.Build.0 = Release|Any CPU
		{A1C0DA84-3166-4E3D-A097-FC6D2699C7DB}.Debug|Any CPU.ActiveCfg = Debug|Any CPU
		{A1C0DA84-3166-4E3D-A097-FC6D2699C7DB}.Debug|Any CPU.Build.0 = Debug|Any CPU
		{A1C0DA84-3166-4E3D-A097-FC6D2699C7DB}.Debug|x64.ActiveCfg = Debug|Any CPU
		{A1C0DA84-3166-4E3D-A097-FC6D2699C7DB}.Debug|x64.Build.0 = Debug|Any CPU
		{A1C0DA84-3166-4E3D-A097-FC6D2699C7DB}.Release|Any CPU.ActiveCfg = Release|Any CPU
		{A1C0DA84-3166-4E3D-A097-FC6D2699C7DB}.Release|Any CPU.Build.0 = Release|Any CPU
		{A1C0DA84-3166-4E3D-A097-FC6D2699C7DB}.Release|x64.ActiveCfg = Release|Any CPU
		{A1C0DA84-3166-4E3D-A097-FC6D2699C7DB}.Release|x64.Build.0 = Release|Any CPU
		{989C7C97-68F2-42C7-88C6-F5F45ED3BE1F}.Debug|Any CPU.ActiveCfg = Debug|Any CPU
		{989C7C97-68F2-42C7-88C6-F5F45ED3BE1F}.Debug|Any CPU.Build.0 = Debug|Any CPU
		{989C7C97-68F2-42C7-88C6-F5F45ED3BE1F}.Debug|x64.ActiveCfg = Debug|Any CPU
		{989C7C97-68F2-42C7-88C6-F5F45ED3BE1F}.Debug|x64.Build.0 = Debug|Any CPU
		{989C7C97-68F2-42C7-88C6-F5F45ED3BE1F}.Release|Any CPU.ActiveCfg = Release|Any CPU
		{989C7C97-68F2-42C7-88C6-F5F45ED3BE1F}.Release|Any CPU.Build.0 = Release|Any CPU
		{989C7C97-68F2-42C7-88C6-F5F45ED3BE1F}.Release|x64.ActiveCfg = Release|Any CPU
		{989C7C97-68F2-42C7-88C6-F5F45ED3BE1F}.Release|x64.Build.0 = Release|Any CPU
		{A8D25F9E-DA43-4E35-B598-E169EAFD785A}.Debug|Any CPU.ActiveCfg = Debug|Any CPU
		{A8D25F9E-DA43-4E35-B598-E169EAFD785A}.Debug|Any CPU.Build.0 = Debug|Any CPU
		{A8D25F9E-DA43-4E35-B598-E169EAFD785A}.Debug|x64.ActiveCfg = Debug|Any CPU
		{A8D25F9E-DA43-4E35-B598-E169EAFD785A}.Debug|x64.Build.0 = Debug|Any CPU
		{A8D25F9E-DA43-4E35-B598-E169EAFD785A}.Release|Any CPU.ActiveCfg = Release|Any CPU
		{A8D25F9E-DA43-4E35-B598-E169EAFD785A}.Release|Any CPU.Build.0 = Release|Any CPU
		{A8D25F9E-DA43-4E35-B598-E169EAFD785A}.Release|x64.ActiveCfg = Release|Any CPU
		{A8D25F9E-DA43-4E35-B598-E169EAFD785A}.Release|x64.Build.0 = Release|Any CPU
		{282FB543-0161-4688-B4CE-CB0472E5E473}.Debug|Any CPU.ActiveCfg = Debug|Any CPU
		{282FB543-0161-4688-B4CE-CB0472E5E473}.Debug|Any CPU.Build.0 = Debug|Any CPU
		{282FB543-0161-4688-B4CE-CB0472E5E473}.Debug|x64.ActiveCfg = Debug|Any CPU
		{282FB543-0161-4688-B4CE-CB0472E5E473}.Debug|x64.Build.0 = Debug|Any CPU
		{282FB543-0161-4688-B4CE-CB0472E5E473}.Release|Any CPU.ActiveCfg = Release|Any CPU
		{282FB543-0161-4688-B4CE-CB0472E5E473}.Release|Any CPU.Build.0 = Release|Any CPU
		{282FB543-0161-4688-B4CE-CB0472E5E473}.Release|x64.ActiveCfg = Release|Any CPU
		{282FB543-0161-4688-B4CE-CB0472E5E473}.Release|x64.Build.0 = Release|Any CPU
		{E61DEE95-7FB1-47B2-9ECB-CBA4344A5622}.Debug|Any CPU.ActiveCfg = Debug|Any CPU
		{E61DEE95-7FB1-47B2-9ECB-CBA4344A5622}.Debug|Any CPU.Build.0 = Debug|Any CPU
		{E61DEE95-7FB1-47B2-9ECB-CBA4344A5622}.Debug|x64.ActiveCfg = Debug|Any CPU
		{E61DEE95-7FB1-47B2-9ECB-CBA4344A5622}.Debug|x64.Build.0 = Debug|Any CPU
		{E61DEE95-7FB1-47B2-9ECB-CBA4344A5622}.Release|Any CPU.ActiveCfg = Release|Any CPU
		{E61DEE95-7FB1-47B2-9ECB-CBA4344A5622}.Release|Any CPU.Build.0 = Release|Any CPU
		{E61DEE95-7FB1-47B2-9ECB-CBA4344A5622}.Release|x64.ActiveCfg = Release|Any CPU
		{E61DEE95-7FB1-47B2-9ECB-CBA4344A5622}.Release|x64.Build.0 = Release|Any CPU
		{DE02CCE2-7363-4D2E-8659-9758037EC811}.Debug|Any CPU.ActiveCfg = Debug|Any CPU
		{DE02CCE2-7363-4D2E-8659-9758037EC811}.Debug|Any CPU.Build.0 = Debug|Any CPU
		{DE02CCE2-7363-4D2E-8659-9758037EC811}.Debug|x64.ActiveCfg = Debug|Any CPU
		{DE02CCE2-7363-4D2E-8659-9758037EC811}.Debug|x64.Build.0 = Debug|Any CPU
		{DE02CCE2-7363-4D2E-8659-9758037EC811}.Release|Any CPU.ActiveCfg = Release|Any CPU
		{DE02CCE2-7363-4D2E-8659-9758037EC811}.Release|Any CPU.Build.0 = Release|Any CPU
		{DE02CCE2-7363-4D2E-8659-9758037EC811}.Release|x64.ActiveCfg = Release|Any CPU
		{DE02CCE2-7363-4D2E-8659-9758037EC811}.Release|x64.Build.0 = Release|Any CPU
		{C093891F-6A77-437A-96C9-E92ABEB53371}.Debug|Any CPU.ActiveCfg = Debug|Any CPU
		{C093891F-6A77-437A-96C9-E92ABEB53371}.Debug|Any CPU.Build.0 = Debug|Any CPU
		{C093891F-6A77-437A-96C9-E92ABEB53371}.Debug|x64.ActiveCfg = Debug|Any CPU
		{C093891F-6A77-437A-96C9-E92ABEB53371}.Debug|x64.Build.0 = Debug|Any CPU
		{C093891F-6A77-437A-96C9-E92ABEB53371}.Release|Any CPU.ActiveCfg = Release|Any CPU
		{C093891F-6A77-437A-96C9-E92ABEB53371}.Release|Any CPU.Build.0 = Release|Any CPU
		{C093891F-6A77-437A-96C9-E92ABEB53371}.Release|x64.ActiveCfg = Release|Any CPU
		{C093891F-6A77-437A-96C9-E92ABEB53371}.Release|x64.Build.0 = Release|Any CPU
		{1DA30950-CAF7-40C1-AC58-378312CC63DC}.Debug|Any CPU.ActiveCfg = Debug|Any CPU
		{1DA30950-CAF7-40C1-AC58-378312CC63DC}.Debug|Any CPU.Build.0 = Debug|Any CPU
		{1DA30950-CAF7-40C1-AC58-378312CC63DC}.Debug|x64.ActiveCfg = Debug|Any CPU
		{1DA30950-CAF7-40C1-AC58-378312CC63DC}.Debug|x64.Build.0 = Debug|Any CPU
		{1DA30950-CAF7-40C1-AC58-378312CC63DC}.Release|Any CPU.ActiveCfg = Release|Any CPU
		{1DA30950-CAF7-40C1-AC58-378312CC63DC}.Release|Any CPU.Build.0 = Release|Any CPU
		{1DA30950-CAF7-40C1-AC58-378312CC63DC}.Release|x64.ActiveCfg = Release|Any CPU
		{1DA30950-CAF7-40C1-AC58-378312CC63DC}.Release|x64.Build.0 = Release|Any CPU
		{3594C55B-74AB-49FA-96FC-7BABBF09BE71}.Debug|Any CPU.ActiveCfg = Debug|Any CPU
		{3594C55B-74AB-49FA-96FC-7BABBF09BE71}.Debug|Any CPU.Build.0 = Debug|Any CPU
		{3594C55B-74AB-49FA-96FC-7BABBF09BE71}.Debug|x64.ActiveCfg = Debug|Any CPU
		{3594C55B-74AB-49FA-96FC-7BABBF09BE71}.Debug|x64.Build.0 = Debug|Any CPU
		{3594C55B-74AB-49FA-96FC-7BABBF09BE71}.Release|Any CPU.ActiveCfg = Release|Any CPU
		{3594C55B-74AB-49FA-96FC-7BABBF09BE71}.Release|Any CPU.Build.0 = Release|Any CPU
		{3594C55B-74AB-49FA-96FC-7BABBF09BE71}.Release|x64.ActiveCfg = Release|Any CPU
		{3594C55B-74AB-49FA-96FC-7BABBF09BE71}.Release|x64.Build.0 = Release|Any CPU
		{0178101F-337A-4F8D-A22A-AE54ECC8357D}.Debug|Any CPU.ActiveCfg = Debug|Any CPU
		{0178101F-337A-4F8D-A22A-AE54ECC8357D}.Debug|Any CPU.Build.0 = Debug|Any CPU
		{0178101F-337A-4F8D-A22A-AE54ECC8357D}.Debug|x64.ActiveCfg = Debug|Any CPU
		{0178101F-337A-4F8D-A22A-AE54ECC8357D}.Debug|x64.Build.0 = Debug|Any CPU
		{0178101F-337A-4F8D-A22A-AE54ECC8357D}.Release|Any CPU.ActiveCfg = Release|Any CPU
		{0178101F-337A-4F8D-A22A-AE54ECC8357D}.Release|Any CPU.Build.0 = Release|Any CPU
		{0178101F-337A-4F8D-A22A-AE54ECC8357D}.Release|x64.ActiveCfg = Release|Any CPU
		{0178101F-337A-4F8D-A22A-AE54ECC8357D}.Release|x64.Build.0 = Release|Any CPU
		{4A725256-42BD-43A5-AB6D-3ACD31EA9FC3}.Debug|Any CPU.ActiveCfg = Debug|Any CPU
		{4A725256-42BD-43A5-AB6D-3ACD31EA9FC3}.Debug|Any CPU.Build.0 = Debug|Any CPU
		{4A725256-42BD-43A5-AB6D-3ACD31EA9FC3}.Debug|x64.ActiveCfg = Debug|Any CPU
		{4A725256-42BD-43A5-AB6D-3ACD31EA9FC3}.Debug|x64.Build.0 = Debug|Any CPU
		{4A725256-42BD-43A5-AB6D-3ACD31EA9FC3}.Release|Any CPU.ActiveCfg = Release|Any CPU
		{4A725256-42BD-43A5-AB6D-3ACD31EA9FC3}.Release|Any CPU.Build.0 = Release|Any CPU
		{4A725256-42BD-43A5-AB6D-3ACD31EA9FC3}.Release|x64.ActiveCfg = Release|Any CPU
		{4A725256-42BD-43A5-AB6D-3ACD31EA9FC3}.Release|x64.Build.0 = Release|Any CPU
	EndGlobalSection
	GlobalSection(SolutionProperties) = preSolution
		HideSolutionNode = FALSE
	EndGlobalSection
	GlobalSection(NestedProjects) = preSolution
		{79154190-8C61-406E-87EA-8A378F5C511C} = {CB3EBA39-DB0E-4F7C-9DEC-B0ECD756D11E}
		{5AC96FAB-9B63-4162-874F-B81F385861A7} = {CB3EBA39-DB0E-4F7C-9DEC-B0ECD756D11E}
		{B61842C7-4EF1-4EBA-925D-4C5FF55515B5} = {79154190-8C61-406E-87EA-8A378F5C511C}
		{321A2BBA-454D-4054-88CF-75470E78A916} = {79154190-8C61-406E-87EA-8A378F5C511C}
		{21DDF522-CAFC-4611-A6E6-2DFFD9656848} = {79154190-8C61-406E-87EA-8A378F5C511C}
		{03BD555C-EC86-4488-840B-9071438AE8DC} = {79154190-8C61-406E-87EA-8A378F5C511C}
		{E71351B0-CE65-4344-AD66-D66C046B39A6} = {79154190-8C61-406E-87EA-8A378F5C511C}
		{38A77CA6-69B8-44E3-8567-BDF241D9B6BF} = {5AC96FAB-9B63-4162-874F-B81F385861A7}
		{B604A950-9299-46C2-A9D7-1A75AE70854F} = {5AC96FAB-9B63-4162-874F-B81F385861A7}
		{D4B4588F-349D-448A-84E6-52862812858F} = {5AC96FAB-9B63-4162-874F-B81F385861A7}
		{2B855812-6389-43DF-823D-1933B2C8B199} = {5AC96FAB-9B63-4162-874F-B81F385861A7}
		{E44B9D71-C043-4409-A9DF-DBE647D5ECA7} = {5AC96FAB-9B63-4162-874F-B81F385861A7}
		{002E927A-8DFD-4BC6-A978-3AA0174BAE1F} = {CB3EBA39-DB0E-4F7C-9DEC-B0ECD756D11E}
		{3E2627AC-17A4-4D8B-96BF-7FF54DDD3B3B} = {002E927A-8DFD-4BC6-A978-3AA0174BAE1F}
		{206E39A6-D253-4D5A-975E-99D50EB3DE34} = {002E927A-8DFD-4BC6-A978-3AA0174BAE1F}
		{AD576527-8710-4762-A9F7-E13FA38A404F} = {002E927A-8DFD-4BC6-A978-3AA0174BAE1F}
		{EF6CDDEC-1185-4FF7-9AF0-BFF6167A9A7A} = {002E927A-8DFD-4BC6-A978-3AA0174BAE1F}
		{E6104252-13F3-4D27-A238-9CD417D55493} = {002E927A-8DFD-4BC6-A978-3AA0174BAE1F}
		{E9E1DEF4-BF22-4468-B695-F122CB2AB159} = {CB3EBA39-DB0E-4F7C-9DEC-B0ECD756D11E}
		{81C84681-C46E-42EC-88C4-B24054E91E67} = {E9E1DEF4-BF22-4468-B695-F122CB2AB159}
		{75B47FA8-2176-4448-A2BC-FCAF37725EC8} = {E9E1DEF4-BF22-4468-B695-F122CB2AB159}
		{3342B950-782E-4128-B93D-36569D31DCF5} = {E9E1DEF4-BF22-4468-B695-F122CB2AB159}
		{A1C0DA84-3166-4E3D-A097-FC6D2699C7DB} = {E9E1DEF4-BF22-4468-B695-F122CB2AB159}
		{989C7C97-68F2-42C7-88C6-F5F45ED3BE1F} = {79154190-8C61-406E-87EA-8A378F5C511C}
		{282FB543-0161-4688-B4CE-CB0472E5E473} = {5AC96FAB-9B63-4162-874F-B81F385861A7}
		{E61DEE95-7FB1-47B2-9ECB-CBA4344A5622} = {002E927A-8DFD-4BC6-A978-3AA0174BAE1F}
		{DE02CCE2-7363-4D2E-8659-9758037EC811} = {E9E1DEF4-BF22-4468-B695-F122CB2AB159}
		{C093891F-6A77-437A-96C9-E92ABEB53371} = {002E927A-8DFD-4BC6-A978-3AA0174BAE1F}
		{3594C55B-74AB-49FA-96FC-7BABBF09BE71} = {5AC96FAB-9B63-4162-874F-B81F385861A7}
		{0178101F-337A-4F8D-A22A-AE54ECC8357D} = {5AC96FAB-9B63-4162-874F-B81F385861A7}
		{AA346ED9-C5CD-4A88-B931-84C464EF8AC3} = {CB3EBA39-DB0E-4F7C-9DEC-B0ECD756D11E}
		{DA8CA097-7818-4ACD-8AAC-9F1FAD45E322} = {AA346ED9-C5CD-4A88-B931-84C464EF8AC3}
		{CD0D21E7-6D12-438C-905E-092A8DAF8688} = {AA346ED9-C5CD-4A88-B931-84C464EF8AC3}
		{309FF4A2-8520-4006-A3D7-6F96AA5EE414} = {AA346ED9-C5CD-4A88-B931-84C464EF8AC3}
		{1DA30950-CAF7-40C1-AC58-378312CC63DC} = {AA346ED9-C5CD-4A88-B931-84C464EF8AC3}
		{3B568865-1F44-4B72-BBAC-05E139CA7DAE} = {AA346ED9-C5CD-4A88-B931-84C464EF8AC3}
		{A8D25F9E-DA43-4E35-B598-E169EAFD785A} = {AA346ED9-C5CD-4A88-B931-84C464EF8AC3}
		{24DA3C0D-62A6-4504-AF05-BD0CD99D03FB} = {AA346ED9-C5CD-4A88-B931-84C464EF8AC3}
		{109B5AF7-88CF-446D-9720-44794D502D66} = {AA346ED9-C5CD-4A88-B931-84C464EF8AC3}
		{4B699848-AD89-4092-8993-DC3CE2D46F76} = {AA346ED9-C5CD-4A88-B931-84C464EF8AC3}
		{4A725256-42BD-43A5-AB6D-3ACD31EA9FC3} = {CB3EBA39-DB0E-4F7C-9DEC-B0ECD756D11E}
	EndGlobalSection
	GlobalSection(ExtensibilityGlobals) = postSolution
		SolutionGuid = {0B434211-311E-4D7B-B548-FCC4B9E78751}
	EndGlobalSection
EndGlobal
